
Microsoft Visual Studio Solution File, Format Version 11.00
# Visual Studio 2010
Project("{FAE04EC0-301F-11D3-BF4B-00C04F79EFBC}") = "HourGlass", "HourGlass\HourGlass.csproj", "{0ED1425C-54FF-4B55-93AF-F2BC50BB4C01}"
EndProject
Project("{FAE04EC0-301F-11D3-BF4B-00C04F79EFBC}") = "HourGlass.Lib", "HourGlass.Lib\HourGlass.Lib.csproj", "{B0385391-8340-4808-9A52-83A73DB3C2B8}"
EndProject
Project("{2150E333-8FDC-42A3-9474-1A3956D46DE8}") = "0. BuildAssets", "0. BuildAssets", "{2B5CF4FB-B6F7-4D91-A444-6D5156D888CB}"
	ProjectSection(SolutionItems) = preProject
		BuildAssets\fluentnhibernate-1.1\Antlr3.Runtime.dll = BuildAssets\fluentnhibernate-1.1\Antlr3.Runtime.dll
		BuildAssets\fluentnhibernate-1.1\Castle.Core.dll = BuildAssets\fluentnhibernate-1.1\Castle.Core.dll
		BuildAssets\fluentnhibernate-1.1\Castle.DynamicProxy2.dll = BuildAssets\fluentnhibernate-1.1\Castle.DynamicProxy2.dll
		BuildAssets\fluentnhibernate-1.1\FluentNHibernate.dll = BuildAssets\fluentnhibernate-1.1\FluentNHibernate.dll
		BuildAssets\fluentnhibernate-1.1\Iesi.Collections.dll = BuildAssets\fluentnhibernate-1.1\Iesi.Collections.dll
		BuildAssets\fluentnhibernate-1.1\log4net.dll = BuildAssets\fluentnhibernate-1.1\log4net.dll
		BuildAssets\fluentnhibernate-1.1\NHibernate.ByteCode.Castle.dll = BuildAssets\fluentnhibernate-1.1\NHibernate.ByteCode.Castle.dll
		BuildAssets\fluentnhibernate-1.1\NHibernate.dll = BuildAssets\fluentnhibernate-1.1\NHibernate.dll
		BuildAssets\Ninject\Ninject.dll = BuildAssets\Ninject\Ninject.dll
		BuildAssets\SQLite\System.Data.SQLite.DLL = BuildAssets\SQLite\System.Data.SQLite.DLL
	EndProjectSection
EndProject
Global
	GlobalSection(SolutionConfigurationPlatforms) = preSolution
		Debug|Any CPU = Debug|Any CPU
		Debug|Mixed Platforms = Debug|Mixed Platforms
		Debug|x64 = Debug|x64
		Debug|x86 = Debug|x86
		Release|Any CPU = Release|Any CPU
		Release|Mixed Platforms = Release|Mixed Platforms
		Release|x64 = Release|x64
		Release|x86 = Release|x86
	EndGlobalSection
	GlobalSection(ProjectConfigurationPlatforms) = postSolution
		{0ED1425C-54FF-4B55-93AF-F2BC50BB4C01}.Debug|Any CPU.ActiveCfg = Debug|x64
		{0ED1425C-54FF-4B55-93AF-F2BC50BB4C01}.Debug|Any CPU.Build.0 = Debug|x64
		{0ED1425C-54FF-4B55-93AF-F2BC50BB4C01}.Debug|Mixed Platforms.ActiveCfg = Debug|x86
		{0ED1425C-54FF-4B55-93AF-F2BC50BB4C01}.Debug|Mixed Platforms.Build.0 = Debug|x86
		{0ED1425C-54FF-4B55-93AF-F2BC50BB4C01}.Debug|x64.ActiveCfg = Debug|x64
		{0ED1425C-54FF-4B55-93AF-F2BC50BB4C01}.Debug|x64.Build.0 = Debug|x64
		{0ED1425C-54FF-4B55-93AF-F2BC50BB4C01}.Debug|x86.ActiveCfg = Debug|x86
		{0ED1425C-54FF-4B55-93AF-F2BC50BB4C01}.Debug|x86.Build.0 = Debug|x86
		{0ED1425C-54FF-4B55-93AF-F2BC50BB4C01}.Release|Any CPU.ActiveCfg = Release|x86
		{0ED1425C-54FF-4B55-93AF-F2BC50BB4C01}.Release|Mixed Platforms.ActiveCfg = Release|x86
		{0ED1425C-54FF-4B55-93AF-F2BC50BB4C01}.Release|Mixed Platforms.Build.0 = Release|x86
		{0ED1425C-54FF-4B55-93AF-F2BC50BB4C01}.Release|x64.ActiveCfg = Release|x64
		{0ED1425C-54FF-4B55-93AF-F2BC50BB4C01}.Release|x64.Build.0 = Release|x64
		{0ED1425C-54FF-4B55-93AF-F2BC50BB4C01}.Release|x86.ActiveCfg = Release|x86
		{0ED1425C-54FF-4B55-93AF-F2BC50BB4C01}.Release|x86.Build.0 = Release|x86
		{B0385391-8340-4808-9A52-83A73DB3C2B8}.Debug|Any CPU.ActiveCfg = Debug|x64
		{B0385391-8340-4808-9A52-83A73DB3C2B8}.Debug|Any CPU.Build.0 = Debug|x64
		{B0385391-8340-4808-9A52-83A73DB3C2B8}.Debug|Mixed Platforms.ActiveCfg = Debug|Any CPU
		{B0385391-8340-4808-9A52-83A73DB3C2B8}.Debug|Mixed Platforms.Build.0 = Debug|Any CPU
		{B0385391-8340-4808-9A52-83A73DB3C2B8}.Debug|x64.ActiveCfg = Debug|x64
		{B0385391-8340-4808-9A52-83A73DB3C2B8}.Debug|x64.Build.0 = Debug|x64
		{B0385391-8340-4808-9A52-83A73DB3C2B8}.Debug|x86.ActiveCfg = Debug|Any CPU
		{B0385391-8340-4808-9A52-83A73DB3C2B8}.Debug|x86.Build.0 = Debug|Any CPU
		{B0385391-8340-4808-9A52-83A73DB3C2B8}.Release|Any CPU.ActiveCfg = Release|Any CPU
		{B0385391-8340-4808-9A52-83A73DB3C2B8}.Release|Any CPU.Build.0 = Release|Any CPU
		{B0385391-8340-4808-9A52-83A73DB3C2B8}.Release|Mixed Platforms.ActiveCfg = Release|Any CPU
		{B0385391-8340-4808-9A52-83A73DB3C2B8}.Release|Mixed Platforms.Build.0 = Release|Any CPU
		{B0385391-8340-4808-9A52-83A73DB3C2B8}.Release|x64.ActiveCfg = Release|x64
		{B0385391-8340-4808-9A52-83A73DB3C2B8}.Release|x64.Build.0 = Release|x64
		{B0385391-8340-4808-9A52-83A73DB3C2B8}.Release|x86.ActiveCfg = Release|Any CPU
	EndGlobalSection
	GlobalSection(SolutionProperties) = preSolution
		HideSolutionNode = FALSE
	EndGlobalSection
EndGlobal
