
Microsoft Visual Studio Solution File, Format Version 11.00
# Visual Studio 2010
Project("{2150E333-8FDC-42A3-9474-1A3956D46DE8}") = "0. BuildAssets", "0. BuildAssets", "{F1E393B9-1ABC-4010-B581-F0F1E1BB49D7}"
	ProjectSection(SolutionItems) = preProject
		BuildAssets\fluentnhibernate-1.1\Antlr3.Runtime.dll = BuildAssets\fluentnhibernate-1.1\Antlr3.Runtime.dll
		BuildAssets\fluentnhibernate-1.1\Castle.Core.dll = BuildAssets\fluentnhibernate-1.1\Castle.Core.dll
		BuildAssets\fluentnhibernate-1.1\Castle.Core.xml = BuildAssets\fluentnhibernate-1.1\Castle.Core.xml
		BuildAssets\fluentnhibernate-1.1\Castle.DynamicProxy2.dll = BuildAssets\fluentnhibernate-1.1\Castle.DynamicProxy2.dll
		BuildAssets\fluentnhibernate-1.1\Castle.DynamicProxy2.xml = BuildAssets\fluentnhibernate-1.1\Castle.DynamicProxy2.xml
		BuildAssets\fluentnhibernate-1.1\FluentNHibernate.dll = BuildAssets\fluentnhibernate-1.1\FluentNHibernate.dll
		BuildAssets\fluentnhibernate-1.1\FluentNHibernate.pdb = BuildAssets\fluentnhibernate-1.1\FluentNHibernate.pdb
		BuildAssets\fluentnhibernate-1.1\FluentNHibernate.XML = BuildAssets\fluentnhibernate-1.1\FluentNHibernate.XML
		BuildAssets\fluentnhibernate-1.1\Iesi.Collections.dll = BuildAssets\fluentnhibernate-1.1\Iesi.Collections.dll
		BuildAssets\fluentnhibernate-1.1\Iesi.Collections.xml = BuildAssets\fluentnhibernate-1.1\Iesi.Collections.xml
		BuildAssets\log4net.dll = BuildAssets\log4net.dll
		BuildAssets\fluentnhibernate-1.1\log4net.dll = BuildAssets\fluentnhibernate-1.1\log4net.dll
		BuildAssets\fluentnhibernate-1.1\log4net.xml = BuildAssets\fluentnhibernate-1.1\log4net.xml
		BuildAssets\migrator\Migrator.dll = BuildAssets\migrator\Migrator.dll
		BuildAssets\migrator\Migrator.Framework.dll = BuildAssets\migrator\Migrator.Framework.dll
		BuildAssets\migrator\Migrator.Providers.dll = BuildAssets\migrator\Migrator.Providers.dll
		BuildAssets\migrator\MySql.Data.dll = BuildAssets\migrator\MySql.Data.dll
		BuildAssets\fluentnhibernate-1.1\NHibernate.ByteCode.Castle.dll = BuildAssets\fluentnhibernate-1.1\NHibernate.ByteCode.Castle.dll
		BuildAssets\fluentnhibernate-1.1\NHibernate.ByteCode.Castle.xml = BuildAssets\fluentnhibernate-1.1\NHibernate.ByteCode.Castle.xml
		BuildAssets\fluentnhibernate-1.1\NHibernate.dll = BuildAssets\fluentnhibernate-1.1\NHibernate.dll
		BuildAssets\fluentnhibernate-1.1\NHibernate.xml = BuildAssets\fluentnhibernate-1.1\NHibernate.xml
		BuildAssets\Ninject.dll = BuildAssets\Ninject.dll
		BuildAssets\nunit.core.dll = BuildAssets\nunit.core.dll
		BuildAssets\nunit.core.interfaces.dll = BuildAssets\nunit.core.interfaces.dll
		BuildAssets\nunit.framework.dll = BuildAssets\nunit.framework.dll
		BuildAssets\Rhino.Mocks.dll = BuildAssets\Rhino.Mocks.dll
		BuildAssets\System.Data.SQLite.DLL = BuildAssets\System.Data.SQLite.DLL
	EndProjectSection
EndProject
Project("{FAE04EC0-301F-11D3-BF4B-00C04F79EFBC}") = "MovieBase.Domain", "MovieBase.Domain\MovieBase.Domain.csproj", "{D38830D6-D9D7-47F6-B8A2-203DDAE48B55}"
EndProject
Project("{FAE04EC0-301F-11D3-BF4B-00C04F79EFBC}") = "MovieBase.Data", "MovieBase.Data\MovieBase.Data.csproj", "{31D51701-EC06-4F25-B4D4-95AE1B2FE5A1}"
EndProject
Project("{FAE04EC0-301F-11D3-BF4B-00C04F79EFBC}") = "MovieBase.UnitTesting", "MovieBase.UnitTesting\MovieBase.UnitTesting.csproj", "{3217DCF4-DE52-4FCE-99E7-30EF4CC39BFC}"
EndProject
Project("{FAE04EC0-301F-11D3-BF4B-00C04F79EFBC}") = "MovieBase.IntegrationTesting", "MovieBase.IntegrationTesting\MovieBase.IntegrationTesting.csproj", "{BD5BF4C2-359B-4BD2-B9B3-FDC84DDADC0C}"
EndProject
Project("{2150E333-8FDC-42A3-9474-1A3956D46DE8}") = "1. Applications", "1. Applications", "{AE4A27F0-C10E-4F73-BA17-57215D924561}"
EndProject
Project("{2150E333-8FDC-42A3-9474-1A3956D46DE8}") = "2. Libraries", "2. Libraries", "{D16A2523-1717-4C06-BACE-6B0D9B6CEF4B}"
EndProject
Project("{2150E333-8FDC-42A3-9474-1A3956D46DE8}") = "9. Testing", "9. Testing", "{27856ECA-23C1-4555-B5D3-1870E4A50199}"
EndProject
Project("{FAE04EC0-301F-11D3-BF4B-00C04F79EFBC}") = "MovieBase.Common", "MovieBase.Comparison\MovieBase.Common.csproj", "{84F40BD1-B463-42E1-9420-3F29190D4F2A}"
EndProject
Project("{FAE04EC0-301F-11D3-BF4B-00C04F79EFBC}") = "MovieBase.AppLib", "MovieBase.Application\MovieBase.AppLib.csproj", "{698BB2C6-B39D-4653-BE2A-2FF8129ACFA4}"
EndProject
Project("{FAE04EC0-301F-11D3-BF4B-00C04F79EFBC}") = "MovieBase", "MovieBase\MovieBase.csproj", "{5111C5FF-8EAE-40F6-8AAF-5F091A72237F}"
EndProject
Project("{2150E333-8FDC-42A3-9474-1A3956D46DE8}") = "8. Migrations", "8. Migrations", "{4D906523-8DC4-47E4-9C49-86BD71A5FEE1}"
EndProject
Project("{FAE04EC0-301F-11D3-BF4B-00C04F79EFBC}") = "MovieBase.Migrations", "MovieBase.Migrations\MovieBase.Migrations.csproj", "{1CBE876E-FC8D-435B-9475-6ECCD654AB9E}"
EndProject
Project("{FAE04EC0-301F-11D3-BF4B-00C04F79EFBC}") = "MigrateMovieBase", "MigrateMovieBase\MigrateMovieBase.csproj", "{C8FB2335-57EF-43AA-9845-C2DB2ADA0EA1}"
EndProject
Global
	GlobalSection(SolutionConfigurationPlatforms) = preSolution
		Debug|Any CPU = Debug|Any CPU
		Debug|Mixed Platforms = Debug|Mixed Platforms
		Debug|x86 = Debug|x86
		Release|Any CPU = Release|Any CPU
		Release|Mixed Platforms = Release|Mixed Platforms
		Release|x86 = Release|x86
	EndGlobalSection
	GlobalSection(ProjectConfigurationPlatforms) = postSolution
		{D38830D6-D9D7-47F6-B8A2-203DDAE48B55}.Debug|Any CPU.ActiveCfg = Debug|Any CPU
		{D38830D6-D9D7-47F6-B8A2-203DDAE48B55}.Debug|Any CPU.Build.0 = Debug|Any CPU
		{D38830D6-D9D7-47F6-B8A2-203DDAE48B55}.Debug|Mixed Platforms.ActiveCfg = Debug|Any CPU
		{D38830D6-D9D7-47F6-B8A2-203DDAE48B55}.Debug|Mixed Platforms.Build.0 = Debug|Any CPU
		{D38830D6-D9D7-47F6-B8A2-203DDAE48B55}.Debug|x86.ActiveCfg = Debug|Any CPU
		{D38830D6-D9D7-47F6-B8A2-203DDAE48B55}.Release|Any CPU.ActiveCfg = Release|Any CPU
		{D38830D6-D9D7-47F6-B8A2-203DDAE48B55}.Release|Any CPU.Build.0 = Release|Any CPU
		{D38830D6-D9D7-47F6-B8A2-203DDAE48B55}.Release|Mixed Platforms.ActiveCfg = Release|Any CPU
		{D38830D6-D9D7-47F6-B8A2-203DDAE48B55}.Release|Mixed Platforms.Build.0 = Release|Any CPU
		{D38830D6-D9D7-47F6-B8A2-203DDAE48B55}.Release|x86.ActiveCfg = Release|Any CPU
		{31D51701-EC06-4F25-B4D4-95AE1B2FE5A1}.Debug|Any CPU.ActiveCfg = Debug|Any CPU
		{31D51701-EC06-4F25-B4D4-95AE1B2FE5A1}.Debug|Any CPU.Build.0 = Debug|Any CPU
		{31D51701-EC06-4F25-B4D4-95AE1B2FE5A1}.Debug|Mixed Platforms.ActiveCfg = Debug|Any CPU
		{31D51701-EC06-4F25-B4D4-95AE1B2FE5A1}.Debug|Mixed Platforms.Build.0 = Debug|Any CPU
		{31D51701-EC06-4F25-B4D4-95AE1B2FE5A1}.Debug|x86.ActiveCfg = Debug|Any CPU
		{31D51701-EC06-4F25-B4D4-95AE1B2FE5A1}.Release|Any CPU.ActiveCfg = Release|Any CPU
		{31D51701-EC06-4F25-B4D4-95AE1B2FE5A1}.Release|Any CPU.Build.0 = Release|Any CPU
		{31D51701-EC06-4F25-B4D4-95AE1B2FE5A1}.Release|Mixed Platforms.ActiveCfg = Release|Any CPU
		{31D51701-EC06-4F25-B4D4-95AE1B2FE5A1}.Release|Mixed Platforms.Build.0 = Release|Any CPU
		{31D51701-EC06-4F25-B4D4-95AE1B2FE5A1}.Release|x86.ActiveCfg = Release|Any CPU
		{3217DCF4-DE52-4FCE-99E7-30EF4CC39BFC}.Debug|Any CPU.ActiveCfg = Debug|Any CPU
		{3217DCF4-DE52-4FCE-99E7-30EF4CC39BFC}.Debug|Any CPU.Build.0 = Debug|Any CPU
		{3217DCF4-DE52-4FCE-99E7-30EF4CC39BFC}.Debug|Mixed Platforms.ActiveCfg = Debug|Any CPU
		{3217DCF4-DE52-4FCE-99E7-30EF4CC39BFC}.Debug|Mixed Platforms.Build.0 = Debug|Any CPU
		{3217DCF4-DE52-4FCE-99E7-30EF4CC39BFC}.Debug|x86.ActiveCfg = Debug|Any CPU
		{3217DCF4-DE52-4FCE-99E7-30EF4CC39BFC}.Release|Any CPU.ActiveCfg = Release|Any CPU
		{3217DCF4-DE52-4FCE-99E7-30EF4CC39BFC}.Release|Any CPU.Build.0 = Release|Any CPU
		{3217DCF4-DE52-4FCE-99E7-30EF4CC39BFC}.Release|Mixed Platforms.ActiveCfg = Release|Any CPU
		{3217DCF4-DE52-4FCE-99E7-30EF4CC39BFC}.Release|Mixed Platforms.Build.0 = Release|Any CPU
		{3217DCF4-DE52-4FCE-99E7-30EF4CC39BFC}.Release|x86.ActiveCfg = Release|Any CPU
		{BD5BF4C2-359B-4BD2-B9B3-FDC84DDADC0C}.Debug|Any CPU.ActiveCfg = Debug|Any CPU
		{BD5BF4C2-359B-4BD2-B9B3-FDC84DDADC0C}.Debug|Any CPU.Build.0 = Debug|Any CPU
		{BD5BF4C2-359B-4BD2-B9B3-FDC84DDADC0C}.Debug|Mixed Platforms.ActiveCfg = Debug|Any CPU
		{BD5BF4C2-359B-4BD2-B9B3-FDC84DDADC0C}.Debug|Mixed Platforms.Build.0 = Debug|Any CPU
		{BD5BF4C2-359B-4BD2-B9B3-FDC84DDADC0C}.Debug|x86.ActiveCfg = Debug|Any CPU
		{BD5BF4C2-359B-4BD2-B9B3-FDC84DDADC0C}.Release|Any CPU.ActiveCfg = Release|Any CPU
		{BD5BF4C2-359B-4BD2-B9B3-FDC84DDADC0C}.Release|Any CPU.Build.0 = Release|Any CPU
		{BD5BF4C2-359B-4BD2-B9B3-FDC84DDADC0C}.Release|Mixed Platforms.ActiveCfg = Release|Any CPU
		{BD5BF4C2-359B-4BD2-B9B3-FDC84DDADC0C}.Release|Mixed Platforms.Build.0 = Release|Any CPU
		{BD5BF4C2-359B-4BD2-B9B3-FDC84DDADC0C}.Release|x86.ActiveCfg = Release|Any CPU
		{84F40BD1-B463-42E1-9420-3F29190D4F2A}.Debug|Any CPU.ActiveCfg = Debug|Any CPU
		{84F40BD1-B463-42E1-9420-3F29190D4F2A}.Debug|Any CPU.Build.0 = Debug|Any CPU
		{84F40BD1-B463-42E1-9420-3F29190D4F2A}.Debug|Mixed Platforms.ActiveCfg = Debug|Any CPU
		{84F40BD1-B463-42E1-9420-3F29190D4F2A}.Debug|Mixed Platforms.Build.0 = Debug|Any CPU
		{84F40BD1-B463-42E1-9420-3F29190D4F2A}.Debug|x86.ActiveCfg = Debug|Any CPU
		{84F40BD1-B463-42E1-9420-3F29190D4F2A}.Release|Any CPU.ActiveCfg = Release|Any CPU
		{84F40BD1-B463-42E1-9420-3F29190D4F2A}.Release|Any CPU.Build.0 = Release|Any CPU
		{84F40BD1-B463-42E1-9420-3F29190D4F2A}.Release|Mixed Platforms.ActiveCfg = Release|Any CPU
		{84F40BD1-B463-42E1-9420-3F29190D4F2A}.Release|Mixed Platforms.Build.0 = Release|Any CPU
		{84F40BD1-B463-42E1-9420-3F29190D4F2A}.Release|x86.ActiveCfg = Release|Any CPU
		{698BB2C6-B39D-4653-BE2A-2FF8129ACFA4}.Debug|Any CPU.ActiveCfg = Debug|Any CPU
		{698BB2C6-B39D-4653-BE2A-2FF8129ACFA4}.Debug|Any CPU.Build.0 = Debug|Any CPU
		{698BB2C6-B39D-4653-BE2A-2FF8129ACFA4}.Debug|Mixed Platforms.ActiveCfg = Debug|Any CPU
		{698BB2C6-B39D-4653-BE2A-2FF8129ACFA4}.Debug|Mixed Platforms.Build.0 = Debug|Any CPU
		{698BB2C6-B39D-4653-BE2A-2FF8129ACFA4}.Debug|x86.ActiveCfg = Debug|Any CPU
		{698BB2C6-B39D-4653-BE2A-2FF8129ACFA4}.Release|Any CPU.ActiveCfg = Release|Any CPU
		{698BB2C6-B39D-4653-BE2A-2FF8129ACFA4}.Release|Any CPU.Build.0 = Release|Any CPU
		{698BB2C6-B39D-4653-BE2A-2FF8129ACFA4}.Release|Mixed Platforms.ActiveCfg = Release|Any CPU
		{698BB2C6-B39D-4653-BE2A-2FF8129ACFA4}.Release|Mixed Platforms.Build.0 = Release|Any CPU
		{698BB2C6-B39D-4653-BE2A-2FF8129ACFA4}.Release|x86.ActiveCfg = Release|Any CPU
		{5111C5FF-8EAE-40F6-8AAF-5F091A72237F}.Debug|Any CPU.ActiveCfg = Debug|x86
		{5111C5FF-8EAE-40F6-8AAF-5F091A72237F}.Debug|Any CPU.Build.0 = Debug|x86
		{5111C5FF-8EAE-40F6-8AAF-5F091A72237F}.Debug|Mixed Platforms.ActiveCfg = Debug|x86
		{5111C5FF-8EAE-40F6-8AAF-5F091A72237F}.Debug|Mixed Platforms.Build.0 = Debug|x86
		{5111C5FF-8EAE-40F6-8AAF-5F091A72237F}.Debug|x86.ActiveCfg = Debug|x86
		{5111C5FF-8EAE-40F6-8AAF-5F091A72237F}.Debug|x86.Build.0 = Debug|x86
		{5111C5FF-8EAE-40F6-8AAF-5F091A72237F}.Release|Any CPU.ActiveCfg = Release|x86
		{5111C5FF-8EAE-40F6-8AAF-5F091A72237F}.Release|Mixed Platforms.ActiveCfg = Release|x86
		{5111C5FF-8EAE-40F6-8AAF-5F091A72237F}.Release|Mixed Platforms.Build.0 = Release|x86
		{5111C5FF-8EAE-40F6-8AAF-5F091A72237F}.Release|x86.ActiveCfg = Release|x86
		{5111C5FF-8EAE-40F6-8AAF-5F091A72237F}.Release|x86.Build.0 = Release|x86
		{1CBE876E-FC8D-435B-9475-6ECCD654AB9E}.Debug|Any CPU.ActiveCfg = Debug|Any CPU
		{1CBE876E-FC8D-435B-9475-6ECCD654AB9E}.Debug|Any CPU.Build.0 = Debug|Any CPU
		{1CBE876E-FC8D-435B-9475-6ECCD654AB9E}.Debug|Mixed Platforms.ActiveCfg = Debug|Any CPU
		{1CBE876E-FC8D-435B-9475-6ECCD654AB9E}.Debug|Mixed Platforms.Build.0 = Debug|Any CPU
		{1CBE876E-FC8D-435B-9475-6ECCD654AB9E}.Debug|x86.ActiveCfg = Debug|Any CPU
		{1CBE876E-FC8D-435B-9475-6ECCD654AB9E}.Release|Any CPU.ActiveCfg = Release|Any CPU
		{1CBE876E-FC8D-435B-9475-6ECCD654AB9E}.Release|Any CPU.Build.0 = Release|Any CPU
		{1CBE876E-FC8D-435B-9475-6ECCD654AB9E}.Release|Mixed Platforms.ActiveCfg = Release|Any CPU
		{1CBE876E-FC8D-435B-9475-6ECCD654AB9E}.Release|Mixed Platforms.Build.0 = Release|Any CPU
		{1CBE876E-FC8D-435B-9475-6ECCD654AB9E}.Release|x86.ActiveCfg = Release|Any CPU
		{C8FB2335-57EF-43AA-9845-C2DB2ADA0EA1}.Debug|Any CPU.ActiveCfg = Debug|x86
		{C8FB2335-57EF-43AA-9845-C2DB2ADA0EA1}.Debug|Mixed Platforms.ActiveCfg = Debug|x86
		{C8FB2335-57EF-43AA-9845-C2DB2ADA0EA1}.Debug|Mixed Platforms.Build.0 = Debug|x86
		{C8FB2335-57EF-43AA-9845-C2DB2ADA0EA1}.Debug|x86.ActiveCfg = Debug|x86
		{C8FB2335-57EF-43AA-9845-C2DB2ADA0EA1}.Debug|x86.Build.0 = Debug|x86
		{C8FB2335-57EF-43AA-9845-C2DB2ADA0EA1}.Release|Any CPU.ActiveCfg = Release|x86
		{C8FB2335-57EF-43AA-9845-C2DB2ADA0EA1}.Release|Mixed Platforms.ActiveCfg = Release|x86
		{C8FB2335-57EF-43AA-9845-C2DB2ADA0EA1}.Release|Mixed Platforms.Build.0 = Release|x86
		{C8FB2335-57EF-43AA-9845-C2DB2ADA0EA1}.Release|x86.ActiveCfg = Release|x86
		{C8FB2335-57EF-43AA-9845-C2DB2ADA0EA1}.Release|x86.Build.0 = Release|x86
	EndGlobalSection
	GlobalSection(SolutionProperties) = preSolution
		HideSolutionNode = FALSE
	EndGlobalSection
	GlobalSection(NestedProjects) = preSolution
		{31D51701-EC06-4F25-B4D4-95AE1B2FE5A1} = {D16A2523-1717-4C06-BACE-6B0D9B6CEF4B}
		{D38830D6-D9D7-47F6-B8A2-203DDAE48B55} = {D16A2523-1717-4C06-BACE-6B0D9B6CEF4B}
		{84F40BD1-B463-42E1-9420-3F29190D4F2A} = {D16A2523-1717-4C06-BACE-6B0D9B6CEF4B}
		{698BB2C6-B39D-4653-BE2A-2FF8129ACFA4} = {D16A2523-1717-4C06-BACE-6B0D9B6CEF4B}
		{BD5BF4C2-359B-4BD2-B9B3-FDC84DDADC0C} = {27856ECA-23C1-4555-B5D3-1870E4A50199}
		{3217DCF4-DE52-4FCE-99E7-30EF4CC39BFC} = {27856ECA-23C1-4555-B5D3-1870E4A50199}
		{5111C5FF-8EAE-40F6-8AAF-5F091A72237F} = {AE4A27F0-C10E-4F73-BA17-57215D924561}
		{C8FB2335-57EF-43AA-9845-C2DB2ADA0EA1} = {AE4A27F0-C10E-4F73-BA17-57215D924561}
		{1CBE876E-FC8D-435B-9475-6ECCD654AB9E} = {4D906523-8DC4-47E4-9C49-86BD71A5FEE1}
	EndGlobalSection
EndGlobal
