
Microsoft Visual Studio Solution File, Format Version 11.00
# Visual Studio 2010
Project("{FAE04EC0-301F-11D3-BF4B-00C04F79EFBC}") = "MovieLibrary", "MovieLibrary\MovieLibrary.csproj", "{71193803-5E4A-4E39-910C-B435CCAC3D2B}"
EndProject
Project("{2150E333-8FDC-42A3-9474-1A3956D46DE8}") = "0. BuildAssets", "0. BuildAssets", "{2B0DBDB0-36D9-400F-A5BC-F98012D9B673}"
EndProject
Project("{2150E333-8FDC-42A3-9474-1A3956D46DE8}") = "1. Web applications", "1. Web applications", "{37DF4D4D-931A-436A-8EDF-396FB5D04515}"
EndProject
Project("{2150E333-8FDC-42A3-9474-1A3956D46DE8}") = "2. Libraries", "2. Libraries", "{46D98804-ED67-424B-8B33-12A580C69459}"
EndProject
Project("{2150E333-8FDC-42A3-9474-1A3956D46DE8}") = "9. Testing", "9. Testing", "{83F491BE-91B4-4356-B9E2-120340645E6F}"
EndProject
Project("{2150E333-8FDC-42A3-9474-1A3956D46DE8}") = "nunit", "nunit", "{A8104359-5402-45DD-A28A-3102FA35AAEA}"
	ProjectSection(SolutionItems) = preProject
		BuildAssets\nunit\nunit.core.dll = BuildAssets\nunit\nunit.core.dll
		BuildAssets\nunit\nunit.core.interfaces.dll = BuildAssets\nunit\nunit.core.interfaces.dll
		BuildAssets\nunit\nunit.fixtures.dll = BuildAssets\nunit\nunit.fixtures.dll
		BuildAssets\nunit\nunit.framework.dll = BuildAssets\nunit\nunit.framework.dll
		BuildAssets\nunit\nunit.util.dll = BuildAssets\nunit\nunit.util.dll
	EndProjectSection
EndProject
Project("{2150E333-8FDC-42A3-9474-1A3956D46DE8}") = "rhino.mocks", "rhino.mocks", "{D43C7C49-4DFF-4D5B-BEF4-723A3246630D}"
	ProjectSection(SolutionItems) = preProject
		BuildAssets\Rhino.Mocks\Rhino.Mocks.dll = BuildAssets\Rhino.Mocks\Rhino.Mocks.dll
	EndProjectSection
EndProject
Project("{FAE04EC0-301F-11D3-BF4B-00C04F79EFBC}") = "MovieLibrary.UnitTesting", "MovieLibrary.UnitTesting\MovieLibrary.UnitTesting.csproj", "{17E94658-CC87-454D-9B58-B2F5691D6AD7}"
EndProject
Project("{FAE04EC0-301F-11D3-BF4B-00C04F79EFBC}") = "MovieLibrary.Lib", "MovieLibrary.Lib\MovieLibrary.Lib.csproj", "{F6D6C356-F63A-425B-B77E-CDC98AF65D5A}"
EndProject
Global
	GlobalSection(SolutionConfigurationPlatforms) = preSolution
		Debug|Any CPU = Debug|Any CPU
		Release|Any CPU = Release|Any CPU
	EndGlobalSection
	GlobalSection(ProjectConfigurationPlatforms) = postSolution
		{71193803-5E4A-4E39-910C-B435CCAC3D2B}.Debug|Any CPU.ActiveCfg = Debug|Any CPU
		{71193803-5E4A-4E39-910C-B435CCAC3D2B}.Debug|Any CPU.Build.0 = Debug|Any CPU
		{71193803-5E4A-4E39-910C-B435CCAC3D2B}.Release|Any CPU.ActiveCfg = Release|Any CPU
		{71193803-5E4A-4E39-910C-B435CCAC3D2B}.Release|Any CPU.Build.0 = Release|Any CPU
		{17E94658-CC87-454D-9B58-B2F5691D6AD7}.Debug|Any CPU.ActiveCfg = Debug|Any CPU
		{17E94658-CC87-454D-9B58-B2F5691D6AD7}.Debug|Any CPU.Build.0 = Debug|Any CPU
		{17E94658-CC87-454D-9B58-B2F5691D6AD7}.Release|Any CPU.ActiveCfg = Release|Any CPU
		{17E94658-CC87-454D-9B58-B2F5691D6AD7}.Release|Any CPU.Build.0 = Release|Any CPU
		{F6D6C356-F63A-425B-B77E-CDC98AF65D5A}.Debug|Any CPU.ActiveCfg = Debug|Any CPU
		{F6D6C356-F63A-425B-B77E-CDC98AF65D5A}.Debug|Any CPU.Build.0 = Debug|Any CPU
		{F6D6C356-F63A-425B-B77E-CDC98AF65D5A}.Release|Any CPU.ActiveCfg = Release|Any CPU
		{F6D6C356-F63A-425B-B77E-CDC98AF65D5A}.Release|Any CPU.Build.0 = Release|Any CPU
	EndGlobalSection
	GlobalSection(SolutionProperties) = preSolution
		HideSolutionNode = FALSE
	EndGlobalSection
	GlobalSection(NestedProjects) = preSolution
		{A8104359-5402-45DD-A28A-3102FA35AAEA} = {2B0DBDB0-36D9-400F-A5BC-F98012D9B673}
		{D43C7C49-4DFF-4D5B-BEF4-723A3246630D} = {2B0DBDB0-36D9-400F-A5BC-F98012D9B673}
		{71193803-5E4A-4E39-910C-B435CCAC3D2B} = {37DF4D4D-931A-436A-8EDF-396FB5D04515}
		{F6D6C356-F63A-425B-B77E-CDC98AF65D5A} = {46D98804-ED67-424B-8B33-12A580C69459}
		{17E94658-CC87-454D-9B58-B2F5691D6AD7} = {83F491BE-91B4-4356-B9E2-120340645E6F}
	EndGlobalSection
EndGlobal
