
Microsoft Visual Studio Solution File, Format Version 12.00
# Visual Studio 2012
Project("{FAE04EC0-301F-11D3-BF4B-00C04F79EFBC}") = "NumberGenerator", "NumberGenerator\NumberGenerator.csproj", "{E188A510-BEA7-45B7-953D-3C2AAAD01BA3}"
EndProject
Project("{FAE04EC0-301F-11D3-BF4B-00C04F79EFBC}") = "NumberGenerator.Lib", "NumberGenerator.Lib\NumberGenerator.Lib.csproj", "{87BC8CB2-B844-4279-97A2-D964699DA8A6}"
EndProject
Global
	GlobalSection(SolutionConfigurationPlatforms) = preSolution
		Debug|Any CPU = Debug|Any CPU
		Release|Any CPU = Release|Any CPU
	EndGlobalSection
	GlobalSection(ProjectConfigurationPlatforms) = postSolution
		{E188A510-BEA7-45B7-953D-3C2AAAD01BA3}.Debug|Any CPU.ActiveCfg = Debug|Any CPU
		{E188A510-BEA7-45B7-953D-3C2AAAD01BA3}.Debug|Any CPU.Build.0 = Debug|Any CPU
		{E188A510-BEA7-45B7-953D-3C2AAAD01BA3}.Release|Any CPU.ActiveCfg = Release|Any CPU
		{E188A510-BEA7-45B7-953D-3C2AAAD01BA3}.Release|Any CPU.Build.0 = Release|Any CPU
		{87BC8CB2-B844-4279-97A2-D964699DA8A6}.Debug|Any CPU.ActiveCfg = Debug|Any CPU
		{87BC8CB2-B844-4279-97A2-D964699DA8A6}.Debug|Any CPU.Build.0 = Debug|Any CPU
		{87BC8CB2-B844-4279-97A2-D964699DA8A6}.Release|Any CPU.ActiveCfg = Release|Any CPU
		{87BC8CB2-B844-4279-97A2-D964699DA8A6}.Release|Any CPU.Build.0 = Release|Any CPU
	EndGlobalSection
	GlobalSection(SolutionProperties) = preSolution
		HideSolutionNode = FALSE
	EndGlobalSection
EndGlobal
