
Microsoft Visual Studio Solution File, Format Version 12.00
# Visual Studio 2012
Project("{FAE04EC0-301F-11D3-BF4B-00C04F79EFBC}") = "DotNetPrograms.Common", "DotNetPrograms.Common\DotNetPrograms.Common.csproj", "{B5D58C4E-F84E-49E2-9F15-5F91E1C73C55}"
EndProject
Project("{FAE04EC0-301F-11D3-BF4B-00C04F79EFBC}") = "DotNetPrograms.Common.Web", "DotNetPrograms.Common.Web\DotNetPrograms.Common.Web.csproj", "{66ED882C-2A12-4B9A-8049-E701E86CDFA0}"
EndProject
Project("{FAE04EC0-301F-11D3-BF4B-00C04F79EFBC}") = "DotNetPrograms.Common.UnitTests", "DotNetPrograms.Common.UnitTests\DotNetPrograms.Common.UnitTests.csproj", "{786BC1E9-2742-42A6-84F0-725CBA583B3B}"
EndProject
Project("{2150E333-8FDC-42A3-9474-1A3956D46DE8}") = "01. Libraries", "01. Libraries", "{AD362D11-3E23-4B84-870B-6CA59C458522}"
EndProject
Project("{2150E333-8FDC-42A3-9474-1A3956D46DE8}") = "99. Testing", "99. Testing", "{F05AF7FF-FC6C-4A69-BB35-77FC968A1F40}"
EndProject
Project("{FAE04EC0-301F-11D3-BF4B-00C04F79EFBC}") = "DotNetPrograms.Common.Mapping", "DotNetPrograms.Common.Mapping\DotNetPrograms.Common.Mapping.csproj", "{69DBC657-FB75-423D-B91E-B40BA1516425}"
EndProject
Global
	GlobalSection(SolutionConfigurationPlatforms) = preSolution
		Debug|Any CPU = Debug|Any CPU
		Release|Any CPU = Release|Any CPU
	EndGlobalSection
	GlobalSection(ProjectConfigurationPlatforms) = postSolution
		{B5D58C4E-F84E-49E2-9F15-5F91E1C73C55}.Debug|Any CPU.ActiveCfg = Debug|Any CPU
		{B5D58C4E-F84E-49E2-9F15-5F91E1C73C55}.Debug|Any CPU.Build.0 = Debug|Any CPU
		{B5D58C4E-F84E-49E2-9F15-5F91E1C73C55}.Release|Any CPU.ActiveCfg = Release|Any CPU
		{B5D58C4E-F84E-49E2-9F15-5F91E1C73C55}.Release|Any CPU.Build.0 = Release|Any CPU
		{66ED882C-2A12-4B9A-8049-E701E86CDFA0}.Debug|Any CPU.ActiveCfg = Debug|Any CPU
		{66ED882C-2A12-4B9A-8049-E701E86CDFA0}.Debug|Any CPU.Build.0 = Debug|Any CPU
		{66ED882C-2A12-4B9A-8049-E701E86CDFA0}.Release|Any CPU.ActiveCfg = Release|Any CPU
		{66ED882C-2A12-4B9A-8049-E701E86CDFA0}.Release|Any CPU.Build.0 = Release|Any CPU
		{786BC1E9-2742-42A6-84F0-725CBA583B3B}.Debug|Any CPU.ActiveCfg = Debug|Any CPU
		{786BC1E9-2742-42A6-84F0-725CBA583B3B}.Debug|Any CPU.Build.0 = Debug|Any CPU
		{786BC1E9-2742-42A6-84F0-725CBA583B3B}.Release|Any CPU.ActiveCfg = Release|Any CPU
		{786BC1E9-2742-42A6-84F0-725CBA583B3B}.Release|Any CPU.Build.0 = Release|Any CPU
		{69DBC657-FB75-423D-B91E-B40BA1516425}.Debug|Any CPU.ActiveCfg = Debug|Any CPU
		{69DBC657-FB75-423D-B91E-B40BA1516425}.Debug|Any CPU.Build.0 = Debug|Any CPU
		{69DBC657-FB75-423D-B91E-B40BA1516425}.Release|Any CPU.ActiveCfg = Release|Any CPU
		{69DBC657-FB75-423D-B91E-B40BA1516425}.Release|Any CPU.Build.0 = Release|Any CPU
	EndGlobalSection
	GlobalSection(SolutionProperties) = preSolution
		HideSolutionNode = FALSE
	EndGlobalSection
	GlobalSection(NestedProjects) = preSolution
		{66ED882C-2A12-4B9A-8049-E701E86CDFA0} = {AD362D11-3E23-4B84-870B-6CA59C458522}
		{B5D58C4E-F84E-49E2-9F15-5F91E1C73C55} = {AD362D11-3E23-4B84-870B-6CA59C458522}
		{69DBC657-FB75-423D-B91E-B40BA1516425} = {AD362D11-3E23-4B84-870B-6CA59C458522}
		{786BC1E9-2742-42A6-84F0-725CBA583B3B} = {F05AF7FF-FC6C-4A69-BB35-77FC968A1F40}
	EndGlobalSection
EndGlobal
