
Microsoft Visual Studio Solution File, Format Version 12.00
# Visual Studio 2012
Project("{2150E333-8FDC-42A3-9474-1A3956D46DE8}") = "30. Libraries", "30. Libraries", "{A3674DE9-7736-4713-B7C9-6FBD3D9AA643}"
EndProject
Project("{2150E333-8FDC-42A3-9474-1A3956D46DE8}") = "20. Applications", "20. Applications", "{4408DA55-4C23-4206-BDA4-0CBAC6BE5773}"
EndProject
Project("{2150E333-8FDC-42A3-9474-1A3956D46DE8}") = "99. Testing", "99. Testing", "{FFB54147-32EA-4407-9DFE-B3974D13A442}"
EndProject
Project("{FAE04EC0-301F-11D3-BF4B-00C04F79EFBC}") = "WebShop.Core", "WebShop.Core\WebShop.Core.csproj", "{7D38DBF8-29FB-4645-A76B-3CE1C505EB8F}"
EndProject
Project("{FAE04EC0-301F-11D3-BF4B-00C04F79EFBC}") = "WebShop.UnitTesting", "WebShop.UnitTesting\WebShop.UnitTesting.csproj", "{FFADFC84-A484-4937-AC4B-3CE1D2FADB46}"
EndProject
Project("{FAE04EC0-301F-11D3-BF4B-00C04F79EFBC}") = "WebShop.IntegrationTesting", "WebShop.IntegrationTesting\WebShop.IntegrationTesting.csproj", "{5607A4E5-2E06-42C2-B16E-3829365A5B32}"
EndProject
Project("{FAE04EC0-301F-11D3-BF4B-00C04F79EFBC}") = "WebShop.Web", "WebShop.Web\WebShop.Web.csproj", "{B7EAEEDC-6C94-4756-A01B-FEC1A291D5A8}"
EndProject
Project("{2150E333-8FDC-42A3-9474-1A3956D46DE8}") = "00. Migrations", "00. Migrations", "{4F6389A5-DFD6-45C2-8215-92990B6DAB95}"
EndProject
Project("{FAE04EC0-301F-11D3-BF4B-00C04F79EFBC}") = "WebShop.Migrations", "WebShop.Migrations\WebShop.Migrations.csproj", "{1B4A245D-F66B-4DAD-96C3-DFE5B48C766F}"
EndProject
Project("{2150E333-8FDC-42A3-9474-1A3956D46DE8}") = "10. Common", "10. Common", "{87CAF231-D9B9-4D73-9572-FCC8BFB8D78D}"
EndProject
Project("{FAE04EC0-301F-11D3-BF4B-00C04F79EFBC}") = "WebShop.Common", "WebShop.Common\WebShop.Common.csproj", "{1F9A3E85-11EF-4C00-AE36-4032581C0492}"
EndProject
Project("{FAE04EC0-301F-11D3-BF4B-00C04F79EFBC}") = "DotNetPrograms.Common", "..\DotNetPrograms.Common\DotNetPrograms.Common\DotNetPrograms.Common.csproj", "{B5D58C4E-F84E-49E2-9F15-5F91E1C73C55}"
EndProject
Project("{FAE04EC0-301F-11D3-BF4B-00C04F79EFBC}") = "MissingLinq.Sql", "..\MissingLinq\MissingLinq.Sql\MissingLinq.Sql.csproj", "{AD7F2C5D-05DD-4D60-925A-B82A10410413}"
EndProject
Project("{FAE04EC0-301F-11D3-BF4B-00C04F79EFBC}") = "MasterData.Core", "MasterData.Core\MasterData.Core.csproj", "{EFC824E5-62C4-4814-97C0-F1B835904C91}"
EndProject
Project("{FAE04EC0-301F-11D3-BF4B-00C04F79EFBC}") = "MasterData.Web", "MasterData.Web\MasterData.Web.csproj", "{4F43EB90-5645-4E8A-9A9B-12165B874167}"
EndProject
Project("{FAE04EC0-301F-11D3-BF4B-00C04F79EFBC}") = "MasterData.Migrations", "MasterData.Migrations\MasterData.Migrations.csproj", "{A3EEB60F-6B5B-42E1-8978-F0B58D02AEC4}"
EndProject
Project("{FAE04EC0-301F-11D3-BF4B-00C04F79EFBC}") = "MasterData.UnitTesting", "MasterData.UnitTesting\MasterData.UnitTesting.csproj", "{DC312696-1871-4210-B1FB-BA33810E20DB}"
EndProject
Project("{FAE04EC0-301F-11D3-BF4B-00C04F79EFBC}") = "MasterData.IntegrationTesting", "MasterData.IntegrationTesting\MasterData.IntegrationTesting.csproj", "{9C08107D-142F-4030-AA7D-E1D3F9547717}"
EndProject
Global
	GlobalSection(SolutionConfigurationPlatforms) = preSolution
		Debug|Any CPU = Debug|Any CPU
		Release|Any CPU = Release|Any CPU
	EndGlobalSection
	GlobalSection(ProjectConfigurationPlatforms) = postSolution
		{7D38DBF8-29FB-4645-A76B-3CE1C505EB8F}.Debug|Any CPU.ActiveCfg = Debug|Any CPU
		{7D38DBF8-29FB-4645-A76B-3CE1C505EB8F}.Debug|Any CPU.Build.0 = Debug|Any CPU
		{7D38DBF8-29FB-4645-A76B-3CE1C505EB8F}.Release|Any CPU.ActiveCfg = Release|Any CPU
		{7D38DBF8-29FB-4645-A76B-3CE1C505EB8F}.Release|Any CPU.Build.0 = Release|Any CPU
		{FFADFC84-A484-4937-AC4B-3CE1D2FADB46}.Debug|Any CPU.ActiveCfg = Debug|Any CPU
		{FFADFC84-A484-4937-AC4B-3CE1D2FADB46}.Debug|Any CPU.Build.0 = Debug|Any CPU
		{FFADFC84-A484-4937-AC4B-3CE1D2FADB46}.Release|Any CPU.ActiveCfg = Release|Any CPU
		{FFADFC84-A484-4937-AC4B-3CE1D2FADB46}.Release|Any CPU.Build.0 = Release|Any CPU
		{5607A4E5-2E06-42C2-B16E-3829365A5B32}.Debug|Any CPU.ActiveCfg = Debug|Any CPU
		{5607A4E5-2E06-42C2-B16E-3829365A5B32}.Debug|Any CPU.Build.0 = Debug|Any CPU
		{5607A4E5-2E06-42C2-B16E-3829365A5B32}.Release|Any CPU.ActiveCfg = Release|Any CPU
		{5607A4E5-2E06-42C2-B16E-3829365A5B32}.Release|Any CPU.Build.0 = Release|Any CPU
		{B7EAEEDC-6C94-4756-A01B-FEC1A291D5A8}.Debug|Any CPU.ActiveCfg = Debug|Any CPU
		{B7EAEEDC-6C94-4756-A01B-FEC1A291D5A8}.Debug|Any CPU.Build.0 = Debug|Any CPU
		{B7EAEEDC-6C94-4756-A01B-FEC1A291D5A8}.Release|Any CPU.ActiveCfg = Release|Any CPU
		{B7EAEEDC-6C94-4756-A01B-FEC1A291D5A8}.Release|Any CPU.Build.0 = Release|Any CPU
		{1B4A245D-F66B-4DAD-96C3-DFE5B48C766F}.Debug|Any CPU.ActiveCfg = Debug|Any CPU
		{1B4A245D-F66B-4DAD-96C3-DFE5B48C766F}.Debug|Any CPU.Build.0 = Debug|Any CPU
		{1B4A245D-F66B-4DAD-96C3-DFE5B48C766F}.Release|Any CPU.ActiveCfg = Release|Any CPU
		{1B4A245D-F66B-4DAD-96C3-DFE5B48C766F}.Release|Any CPU.Build.0 = Release|Any CPU
		{1F9A3E85-11EF-4C00-AE36-4032581C0492}.Debug|Any CPU.ActiveCfg = Debug|Any CPU
		{1F9A3E85-11EF-4C00-AE36-4032581C0492}.Debug|Any CPU.Build.0 = Debug|Any CPU
		{1F9A3E85-11EF-4C00-AE36-4032581C0492}.Release|Any CPU.ActiveCfg = Release|Any CPU
		{1F9A3E85-11EF-4C00-AE36-4032581C0492}.Release|Any CPU.Build.0 = Release|Any CPU
		{B5D58C4E-F84E-49E2-9F15-5F91E1C73C55}.Debug|Any CPU.ActiveCfg = Debug|Any CPU
		{B5D58C4E-F84E-49E2-9F15-5F91E1C73C55}.Debug|Any CPU.Build.0 = Debug|Any CPU
		{B5D58C4E-F84E-49E2-9F15-5F91E1C73C55}.Release|Any CPU.ActiveCfg = Release|Any CPU
		{B5D58C4E-F84E-49E2-9F15-5F91E1C73C55}.Release|Any CPU.Build.0 = Release|Any CPU
		{AD7F2C5D-05DD-4D60-925A-B82A10410413}.Debug|Any CPU.ActiveCfg = Debug|Any CPU
		{AD7F2C5D-05DD-4D60-925A-B82A10410413}.Debug|Any CPU.Build.0 = Debug|Any CPU
		{AD7F2C5D-05DD-4D60-925A-B82A10410413}.Release|Any CPU.ActiveCfg = Release|Any CPU
		{AD7F2C5D-05DD-4D60-925A-B82A10410413}.Release|Any CPU.Build.0 = Release|Any CPU
		{EFC824E5-62C4-4814-97C0-F1B835904C91}.Debug|Any CPU.ActiveCfg = Debug|Any CPU
		{EFC824E5-62C4-4814-97C0-F1B835904C91}.Debug|Any CPU.Build.0 = Debug|Any CPU
		{EFC824E5-62C4-4814-97C0-F1B835904C91}.Release|Any CPU.ActiveCfg = Release|Any CPU
		{EFC824E5-62C4-4814-97C0-F1B835904C91}.Release|Any CPU.Build.0 = Release|Any CPU
		{4F43EB90-5645-4E8A-9A9B-12165B874167}.Debug|Any CPU.ActiveCfg = Debug|Any CPU
		{4F43EB90-5645-4E8A-9A9B-12165B874167}.Debug|Any CPU.Build.0 = Debug|Any CPU
		{4F43EB90-5645-4E8A-9A9B-12165B874167}.Release|Any CPU.ActiveCfg = Release|Any CPU
		{4F43EB90-5645-4E8A-9A9B-12165B874167}.Release|Any CPU.Build.0 = Release|Any CPU
		{A3EEB60F-6B5B-42E1-8978-F0B58D02AEC4}.Debug|Any CPU.ActiveCfg = Debug|Any CPU
		{A3EEB60F-6B5B-42E1-8978-F0B58D02AEC4}.Debug|Any CPU.Build.0 = Debug|Any CPU
		{A3EEB60F-6B5B-42E1-8978-F0B58D02AEC4}.Release|Any CPU.ActiveCfg = Release|Any CPU
		{A3EEB60F-6B5B-42E1-8978-F0B58D02AEC4}.Release|Any CPU.Build.0 = Release|Any CPU
		{DC312696-1871-4210-B1FB-BA33810E20DB}.Debug|Any CPU.ActiveCfg = Debug|Any CPU
		{DC312696-1871-4210-B1FB-BA33810E20DB}.Debug|Any CPU.Build.0 = Debug|Any CPU
		{DC312696-1871-4210-B1FB-BA33810E20DB}.Release|Any CPU.ActiveCfg = Release|Any CPU
		{DC312696-1871-4210-B1FB-BA33810E20DB}.Release|Any CPU.Build.0 = Release|Any CPU
		{9C08107D-142F-4030-AA7D-E1D3F9547717}.Debug|Any CPU.ActiveCfg = Debug|Any CPU
		{9C08107D-142F-4030-AA7D-E1D3F9547717}.Debug|Any CPU.Build.0 = Debug|Any CPU
		{9C08107D-142F-4030-AA7D-E1D3F9547717}.Release|Any CPU.ActiveCfg = Release|Any CPU
		{9C08107D-142F-4030-AA7D-E1D3F9547717}.Release|Any CPU.Build.0 = Release|Any CPU
	EndGlobalSection
	GlobalSection(SolutionProperties) = preSolution
		HideSolutionNode = FALSE
	EndGlobalSection
	GlobalSection(NestedProjects) = preSolution
		{7D38DBF8-29FB-4645-A76B-3CE1C505EB8F} = {A3674DE9-7736-4713-B7C9-6FBD3D9AA643}
		{1F9A3E85-11EF-4C00-AE36-4032581C0492} = {A3674DE9-7736-4713-B7C9-6FBD3D9AA643}
		{EFC824E5-62C4-4814-97C0-F1B835904C91} = {A3674DE9-7736-4713-B7C9-6FBD3D9AA643}
		{B7EAEEDC-6C94-4756-A01B-FEC1A291D5A8} = {4408DA55-4C23-4206-BDA4-0CBAC6BE5773}
		{4F43EB90-5645-4E8A-9A9B-12165B874167} = {4408DA55-4C23-4206-BDA4-0CBAC6BE5773}
		{FFADFC84-A484-4937-AC4B-3CE1D2FADB46} = {FFB54147-32EA-4407-9DFE-B3974D13A442}
		{5607A4E5-2E06-42C2-B16E-3829365A5B32} = {FFB54147-32EA-4407-9DFE-B3974D13A442}
		{DC312696-1871-4210-B1FB-BA33810E20DB} = {FFB54147-32EA-4407-9DFE-B3974D13A442}
		{9C08107D-142F-4030-AA7D-E1D3F9547717} = {FFB54147-32EA-4407-9DFE-B3974D13A442}
		{1B4A245D-F66B-4DAD-96C3-DFE5B48C766F} = {4F6389A5-DFD6-45C2-8215-92990B6DAB95}
		{A3EEB60F-6B5B-42E1-8978-F0B58D02AEC4} = {4F6389A5-DFD6-45C2-8215-92990B6DAB95}
		{B5D58C4E-F84E-49E2-9F15-5F91E1C73C55} = {87CAF231-D9B9-4D73-9572-FCC8BFB8D78D}
		{AD7F2C5D-05DD-4D60-925A-B82A10410413} = {87CAF231-D9B9-4D73-9572-FCC8BFB8D78D}
	EndGlobalSection
EndGlobal
