
Microsoft Visual Studio Solution File, Format Version 11.00
# Visual Studio 2010
Project("{FAE04EC0-301F-11D3-BF4B-00C04F79EFBC}") = "ZenTester", "ZenTester\ZenTester.csproj", "{3ACA4B0D-C334-4BEB-A29D-8D479DDE023E}"
EndProject
Project("{FAE04EC0-301F-11D3-BF4B-00C04F79EFBC}") = "ZenTester.Lib", "ZenTester.Lib\ZenTester.Lib.csproj", "{9A3A2AED-E3A7-46E6-B16D-3B7C873096E4}"
EndProject
Project("{FAE04EC0-301F-11D3-BF4B-00C04F79EFBC}") = "ZenTesting", "ZenTesting\ZenTesting.csproj", "{5A756A84-42CB-4532-9726-4E6BD819726B}"
EndProject
Project("{2150E333-8FDC-42A3-9474-1A3956D46DE8}") = "0. BuildAssets", "0. BuildAssets", "{EF5D89AB-18E7-4695-8578-C4BA4ECCDCDA}"
EndProject
Project("{2150E333-8FDC-42A3-9474-1A3956D46DE8}") = "1. Applications", "1. Applications", "{DE5361B8-BF69-4870-BBA3-6E6E88EECFD1}"
EndProject
Project("{2150E333-8FDC-42A3-9474-1A3956D46DE8}") = "2. Libraries", "2. Libraries", "{DEBFCF88-BD76-406B-968A-F8874A3CB55A}"
EndProject
Project("{2150E333-8FDC-42A3-9474-1A3956D46DE8}") = "9. Testing", "9. Testing", "{5FBF08AE-4205-4333-A66F-0DBC10ECF016}"
EndProject
Project("{2150E333-8FDC-42A3-9474-1A3956D46DE8}") = "nunit", "nunit", "{FFCD7EB2-861B-4ED5-AA27-DCA406B8A95E}"
	ProjectSection(SolutionItems) = preProject
		BuildAssets\nunit\nunit.core.dll = BuildAssets\nunit\nunit.core.dll
		BuildAssets\nunit\nunit.core.interfaces.dll = BuildAssets\nunit\nunit.core.interfaces.dll
		BuildAssets\nunit\nunit.fixtures.dll = BuildAssets\nunit\nunit.fixtures.dll
		BuildAssets\nunit\nunit.framework.dll = BuildAssets\nunit\nunit.framework.dll
	EndProjectSection
EndProject
Global
	GlobalSection(SolutionConfigurationPlatforms) = preSolution
		Debug|Any CPU = Debug|Any CPU
		Debug|Mixed Platforms = Debug|Mixed Platforms
		Debug|x86 = Debug|x86
		Release|Any CPU = Release|Any CPU
		Release|Mixed Platforms = Release|Mixed Platforms
		Release|x86 = Release|x86
	EndGlobalSection
	GlobalSection(ProjectConfigurationPlatforms) = postSolution
		{3ACA4B0D-C334-4BEB-A29D-8D479DDE023E}.Debug|Any CPU.ActiveCfg = Debug|x86
		{3ACA4B0D-C334-4BEB-A29D-8D479DDE023E}.Debug|Mixed Platforms.ActiveCfg = Debug|x86
		{3ACA4B0D-C334-4BEB-A29D-8D479DDE023E}.Debug|Mixed Platforms.Build.0 = Debug|x86
		{3ACA4B0D-C334-4BEB-A29D-8D479DDE023E}.Debug|x86.ActiveCfg = Debug|x86
		{3ACA4B0D-C334-4BEB-A29D-8D479DDE023E}.Debug|x86.Build.0 = Debug|x86
		{3ACA4B0D-C334-4BEB-A29D-8D479DDE023E}.Release|Any CPU.ActiveCfg = Release|x86
		{3ACA4B0D-C334-4BEB-A29D-8D479DDE023E}.Release|Mixed Platforms.ActiveCfg = Release|x86
		{3ACA4B0D-C334-4BEB-A29D-8D479DDE023E}.Release|Mixed Platforms.Build.0 = Release|x86
		{3ACA4B0D-C334-4BEB-A29D-8D479DDE023E}.Release|x86.ActiveCfg = Release|x86
		{3ACA4B0D-C334-4BEB-A29D-8D479DDE023E}.Release|x86.Build.0 = Release|x86
		{9A3A2AED-E3A7-46E6-B16D-3B7C873096E4}.Debug|Any CPU.ActiveCfg = Debug|Any CPU
		{9A3A2AED-E3A7-46E6-B16D-3B7C873096E4}.Debug|Any CPU.Build.0 = Debug|Any CPU
		{9A3A2AED-E3A7-46E6-B16D-3B7C873096E4}.Debug|Mixed Platforms.ActiveCfg = Debug|Any CPU
		{9A3A2AED-E3A7-46E6-B16D-3B7C873096E4}.Debug|Mixed Platforms.Build.0 = Debug|Any CPU
		{9A3A2AED-E3A7-46E6-B16D-3B7C873096E4}.Debug|x86.ActiveCfg = Debug|Any CPU
		{9A3A2AED-E3A7-46E6-B16D-3B7C873096E4}.Release|Any CPU.ActiveCfg = Release|Any CPU
		{9A3A2AED-E3A7-46E6-B16D-3B7C873096E4}.Release|Any CPU.Build.0 = Release|Any CPU
		{9A3A2AED-E3A7-46E6-B16D-3B7C873096E4}.Release|Mixed Platforms.ActiveCfg = Release|Any CPU
		{9A3A2AED-E3A7-46E6-B16D-3B7C873096E4}.Release|Mixed Platforms.Build.0 = Release|Any CPU
		{9A3A2AED-E3A7-46E6-B16D-3B7C873096E4}.Release|x86.ActiveCfg = Release|Any CPU
		{5A756A84-42CB-4532-9726-4E6BD819726B}.Debug|Any CPU.ActiveCfg = Debug|Any CPU
		{5A756A84-42CB-4532-9726-4E6BD819726B}.Debug|Any CPU.Build.0 = Debug|Any CPU
		{5A756A84-42CB-4532-9726-4E6BD819726B}.Debug|Mixed Platforms.ActiveCfg = Debug|Any CPU
		{5A756A84-42CB-4532-9726-4E6BD819726B}.Debug|Mixed Platforms.Build.0 = Debug|Any CPU
		{5A756A84-42CB-4532-9726-4E6BD819726B}.Debug|x86.ActiveCfg = Debug|Any CPU
		{5A756A84-42CB-4532-9726-4E6BD819726B}.Release|Any CPU.ActiveCfg = Release|Any CPU
		{5A756A84-42CB-4532-9726-4E6BD819726B}.Release|Any CPU.Build.0 = Release|Any CPU
		{5A756A84-42CB-4532-9726-4E6BD819726B}.Release|Mixed Platforms.ActiveCfg = Release|Any CPU
		{5A756A84-42CB-4532-9726-4E6BD819726B}.Release|Mixed Platforms.Build.0 = Release|Any CPU
		{5A756A84-42CB-4532-9726-4E6BD819726B}.Release|x86.ActiveCfg = Release|Any CPU
	EndGlobalSection
	GlobalSection(SolutionProperties) = preSolution
		HideSolutionNode = FALSE
	EndGlobalSection
	GlobalSection(NestedProjects) = preSolution
		{FFCD7EB2-861B-4ED5-AA27-DCA406B8A95E} = {EF5D89AB-18E7-4695-8578-C4BA4ECCDCDA}
		{3ACA4B0D-C334-4BEB-A29D-8D479DDE023E} = {DE5361B8-BF69-4870-BBA3-6E6E88EECFD1}
		{9A3A2AED-E3A7-46E6-B16D-3B7C873096E4} = {DEBFCF88-BD76-406B-968A-F8874A3CB55A}
		{5A756A84-42CB-4532-9726-4E6BD819726B} = {5FBF08AE-4205-4333-A66F-0DBC10ECF016}
	EndGlobalSection
EndGlobal
