
Microsoft Visual Studio Solution File, Format Version 11.00
# Visual Studio 2010
Project("{2150E333-8FDC-42A3-9474-1A3956D46DE8}") = "00. Common", "00. Common", "{3D42672D-3431-4169-9310-8B1B48BE33AF}"
EndProject
Project("{FAE04EC0-301F-11D3-BF4B-00C04F79EFBC}") = "DotNetPrograms.Common", "..\..\DotNetPrograms.Common\DotNetPrograms.Common\DotNetPrograms.Common.csproj", "{B5D58C4E-F84E-49E2-9F15-5F91E1C73C55}"
EndProject
Project("{2150E333-8FDC-42A3-9474-1A3956D46DE8}") = "99. Testing", "99. Testing", "{FEC76B3F-E9FB-4AB8-8E4D-BD03B9469B8B}"
EndProject
Project("{FAE04EC0-301F-11D3-BF4B-00C04F79EFBC}") = "DbTool.Testing", "..\DbTool.Testing\DbTool.Testing.csproj", "{E31297FE-5C9A-4477-84CA-D57BE213E70C}"
EndProject
Project("{2150E333-8FDC-42A3-9474-1A3956D46DE8}") = "01. Applications", "01. Applications", "{DCDB8EB3-ABAF-448A-BA13-7E12EA152EC2}"
EndProject
Project("{FAE04EC0-301F-11D3-BF4B-00C04F79EFBC}") = "DbToolMac", "DbToolMac.csproj", "{BF8504D2-032A-45DB-9810-271AEBDF3C4D}"
EndProject
Project("{FAE04EC0-301F-11D3-BF4B-00C04F79EFBC}") = "DbTool", "..\DbTool\DbTool.csproj", "{74E31DD3-0DA6-4529-82CA-82D46F8A994E}"
EndProject
Project("{2150E333-8FDC-42A3-9474-1A3956D46DE8}") = "02. Libraries", "02. Libraries", "{4E667C56-51E7-455F-A07E-829CF97CAB51}"
EndProject
Project("{FAE04EC0-301F-11D3-BF4B-00C04F79EFBC}") = "DbTool.Lib", "..\DbTool.Lib\DbTool.Lib.csproj", "{BA6E0230-D231-4F44-8820-88D159334D65}"
EndProject
Project("{FAE04EC0-301F-11D3-BF4B-00C04F79EFBC}") = "DbTool.Lib.MySql", "..\DbTool.Lib.MySql\DbTool.Lib.MySql.csproj", "{F6F4AC01-3087-408E-8A25-42EF402B945A}"
EndProject
Project("{FAE04EC0-301F-11D3-BF4B-00C04F79EFBC}") = "DbTool.Lib.Ui", "..\DbTool.Lib.Ui\DbTool.Lib.Ui.csproj", "{74004709-197C-41CC-BF76-1339B1460120}"
EndProject
Global
	GlobalSection(SolutionConfigurationPlatforms) = preSolution
		Debug|x86 = Debug|x86
		Release|x86 = Release|x86
	EndGlobalSection
	GlobalSection(ProjectConfigurationPlatforms) = postSolution
		{74004709-197C-41CC-BF76-1339B1460120}.Debug|x86.ActiveCfg = Debug|Any CPU
		{74004709-197C-41CC-BF76-1339B1460120}.Debug|x86.Build.0 = Debug|Any CPU
		{74004709-197C-41CC-BF76-1339B1460120}.Release|x86.ActiveCfg = Release|Any CPU
		{74004709-197C-41CC-BF76-1339B1460120}.Release|x86.Build.0 = Release|Any CPU
		{74E31DD3-0DA6-4529-82CA-82D46F8A994E}.Debug|x86.ActiveCfg = Debug|x86
		{74E31DD3-0DA6-4529-82CA-82D46F8A994E}.Debug|x86.Build.0 = Debug|x86
		{74E31DD3-0DA6-4529-82CA-82D46F8A994E}.Release|x86.ActiveCfg = Release|x86
		{74E31DD3-0DA6-4529-82CA-82D46F8A994E}.Release|x86.Build.0 = Release|x86
		{B5D58C4E-F84E-49E2-9F15-5F91E1C73C55}.Debug|x86.ActiveCfg = Debug|Any CPU
		{B5D58C4E-F84E-49E2-9F15-5F91E1C73C55}.Debug|x86.Build.0 = Debug|Any CPU
		{B5D58C4E-F84E-49E2-9F15-5F91E1C73C55}.Release|x86.ActiveCfg = Release|Any CPU
		{B5D58C4E-F84E-49E2-9F15-5F91E1C73C55}.Release|x86.Build.0 = Release|Any CPU
		{BA6E0230-D231-4F44-8820-88D159334D65}.Debug|x86.ActiveCfg = Debug|Any CPU
		{BA6E0230-D231-4F44-8820-88D159334D65}.Debug|x86.Build.0 = Debug|Any CPU
		{BA6E0230-D231-4F44-8820-88D159334D65}.Release|x86.ActiveCfg = Release|Any CPU
		{BA6E0230-D231-4F44-8820-88D159334D65}.Release|x86.Build.0 = Release|Any CPU
		{BF8504D2-032A-45DB-9810-271AEBDF3C4D}.Debug|x86.ActiveCfg = Debug|x86
		{BF8504D2-032A-45DB-9810-271AEBDF3C4D}.Debug|x86.Build.0 = Debug|x86
		{BF8504D2-032A-45DB-9810-271AEBDF3C4D}.Release|x86.ActiveCfg = Release|x86
		{BF8504D2-032A-45DB-9810-271AEBDF3C4D}.Release|x86.Build.0 = Release|x86
		{E31297FE-5C9A-4477-84CA-D57BE213E70C}.Debug|x86.ActiveCfg = Debug|Any CPU
		{E31297FE-5C9A-4477-84CA-D57BE213E70C}.Debug|x86.Build.0 = Debug|Any CPU
		{E31297FE-5C9A-4477-84CA-D57BE213E70C}.Release|x86.ActiveCfg = Release|Any CPU
		{E31297FE-5C9A-4477-84CA-D57BE213E70C}.Release|x86.Build.0 = Release|Any CPU
		{F6F4AC01-3087-408E-8A25-42EF402B945A}.Debug|x86.ActiveCfg = Debug|Any CPU
		{F6F4AC01-3087-408E-8A25-42EF402B945A}.Debug|x86.Build.0 = Debug|Any CPU
		{F6F4AC01-3087-408E-8A25-42EF402B945A}.Release|x86.ActiveCfg = Release|Any CPU
		{F6F4AC01-3087-408E-8A25-42EF402B945A}.Release|x86.Build.0 = Release|Any CPU
	EndGlobalSection
	GlobalSection(NestedProjects) = preSolution
		{B5D58C4E-F84E-49E2-9F15-5F91E1C73C55} = {3D42672D-3431-4169-9310-8B1B48BE33AF}
		{E31297FE-5C9A-4477-84CA-D57BE213E70C} = {FEC76B3F-E9FB-4AB8-8E4D-BD03B9469B8B}
		{BF8504D2-032A-45DB-9810-271AEBDF3C4D} = {DCDB8EB3-ABAF-448A-BA13-7E12EA152EC2}
		{74E31DD3-0DA6-4529-82CA-82D46F8A994E} = {DCDB8EB3-ABAF-448A-BA13-7E12EA152EC2}
		{BA6E0230-D231-4F44-8820-88D159334D65} = {4E667C56-51E7-455F-A07E-829CF97CAB51}
		{F6F4AC01-3087-408E-8A25-42EF402B945A} = {4E667C56-51E7-455F-A07E-829CF97CAB51}
		{74004709-197C-41CC-BF76-1339B1460120} = {4E667C56-51E7-455F-A07E-829CF97CAB51}
	EndGlobalSection
	GlobalSection(MonoDevelopProperties) = preSolution
		StartupItem = DbToolMac.csproj
	EndGlobalSection
EndGlobal
