
Microsoft Visual Studio Solution File, Format Version 11.00
# Visual Studio 2010
Project("{FAE04EC0-301F-11D3-BF4B-00C04F79EFBC}") = "Deploy", "Deploy\Deploy.csproj", "{A59C955C-4F33-44EA-A4AE-F1FBF8B1B1CF}"
EndProject
Project("{FAE04EC0-301F-11D3-BF4B-00C04F79EFBC}") = "Deploy.Lib", "Deploy.Lib\Deploy.Lib.csproj", "{F4175BDF-9389-44C4-B2C6-36934C80538A}"
EndProject
Project("{FAE04EC0-301F-11D3-BF4B-00C04F79EFBC}") = "Deploy.Testing", "Deploy.Testing\Deploy.Testing.csproj", "{0FBC4627-4DB7-4DD3-9FF1-A4CCC955B9A2}"
EndProject
Project("{2150E333-8FDC-42A3-9474-1A3956D46DE8}") = "1. Console apps", "1. Console apps", "{F4C1C783-1DFD-48D4-81ED-8E3CB710A459}"
EndProject
Project("{2150E333-8FDC-42A3-9474-1A3956D46DE8}") = "3. Libraries", "3. Libraries", "{87A453F0-5696-4C7E-8B0F-4596E01BBE1E}"
EndProject
Project("{2150E333-8FDC-42A3-9474-1A3956D46DE8}") = "9. Tests", "9. Tests", "{8F2D6767-9CB1-4A8C-9C7E-E6B6B3E3841D}"
EndProject
Project("{2150E333-8FDC-42A3-9474-1A3956D46DE8}") = "2. Gui apps", "2. Gui apps", "{96509E97-7E61-426A-900F-9849CAAE2C84}"
EndProject
Project("{FAE04EC0-301F-11D3-BF4B-00C04F79EFBC}") = "DeployWizard", "DeployWizard\DeployWizard.csproj", "{12879652-6E35-483D-8CF6-4BCA191DBDB0}"
EndProject
Project("{FAE04EC0-301F-11D3-BF4B-00C04F79EFBC}") = "DeployWizard.Lib", "DeployWizard.Lib\DeployWizard.Lib.csproj", "{4B318E45-7959-48DF-85B7-A0C7571EBE45}"
EndProject
Project("{FAE04EC0-301F-11D3-BF4B-00C04F79EFBC}") = "DeployWizard.Wpf", "DeployWizard.Wpf\DeployWizard.Wpf.csproj", "{B48F9A37-5A49-4FF3-A04F-2AC9A5FA0596}"
EndProject
Project("{FAE04EC0-301F-11D3-BF4B-00C04F79EFBC}") = "Deploy.IntegrationTests", "Deploy.IntegrationTests\Deploy.IntegrationTests.csproj", "{554B8FC8-1B1C-4005-BA25-B6EF540B8D2B}"
EndProject
Global
	GlobalSection(SolutionConfigurationPlatforms) = preSolution
		Debug|Any CPU = Debug|Any CPU
		Debug|Mixed Platforms = Debug|Mixed Platforms
		Debug|x86 = Debug|x86
		Release|Any CPU = Release|Any CPU
		Release|Mixed Platforms = Release|Mixed Platforms
		Release|x86 = Release|x86
	EndGlobalSection
	GlobalSection(ProjectConfigurationPlatforms) = postSolution
		{A59C955C-4F33-44EA-A4AE-F1FBF8B1B1CF}.Debug|Any CPU.ActiveCfg = Debug|x86
		{A59C955C-4F33-44EA-A4AE-F1FBF8B1B1CF}.Debug|Any CPU.Build.0 = Debug|x86
		{A59C955C-4F33-44EA-A4AE-F1FBF8B1B1CF}.Debug|Mixed Platforms.ActiveCfg = Debug|x86
		{A59C955C-4F33-44EA-A4AE-F1FBF8B1B1CF}.Debug|Mixed Platforms.Build.0 = Debug|x86
		{A59C955C-4F33-44EA-A4AE-F1FBF8B1B1CF}.Debug|x86.ActiveCfg = Debug|x86
		{A59C955C-4F33-44EA-A4AE-F1FBF8B1B1CF}.Debug|x86.Build.0 = Debug|x86
		{A59C955C-4F33-44EA-A4AE-F1FBF8B1B1CF}.Release|Any CPU.ActiveCfg = Release|x86
		{A59C955C-4F33-44EA-A4AE-F1FBF8B1B1CF}.Release|Mixed Platforms.ActiveCfg = Release|x86
		{A59C955C-4F33-44EA-A4AE-F1FBF8B1B1CF}.Release|Mixed Platforms.Build.0 = Release|x86
		{A59C955C-4F33-44EA-A4AE-F1FBF8B1B1CF}.Release|x86.ActiveCfg = Release|x86
		{A59C955C-4F33-44EA-A4AE-F1FBF8B1B1CF}.Release|x86.Build.0 = Release|x86
		{F4175BDF-9389-44C4-B2C6-36934C80538A}.Debug|Any CPU.ActiveCfg = Debug|Any CPU
		{F4175BDF-9389-44C4-B2C6-36934C80538A}.Debug|Any CPU.Build.0 = Debug|Any CPU
		{F4175BDF-9389-44C4-B2C6-36934C80538A}.Debug|Mixed Platforms.ActiveCfg = Debug|Any CPU
		{F4175BDF-9389-44C4-B2C6-36934C80538A}.Debug|Mixed Platforms.Build.0 = Debug|Any CPU
		{F4175BDF-9389-44C4-B2C6-36934C80538A}.Debug|x86.ActiveCfg = Debug|Any CPU
		{F4175BDF-9389-44C4-B2C6-36934C80538A}.Release|Any CPU.ActiveCfg = Release|Any CPU
		{F4175BDF-9389-44C4-B2C6-36934C80538A}.Release|Any CPU.Build.0 = Release|Any CPU
		{F4175BDF-9389-44C4-B2C6-36934C80538A}.Release|Mixed Platforms.ActiveCfg = Release|Any CPU
		{F4175BDF-9389-44C4-B2C6-36934C80538A}.Release|Mixed Platforms.Build.0 = Release|Any CPU
		{F4175BDF-9389-44C4-B2C6-36934C80538A}.Release|x86.ActiveCfg = Release|Any CPU
		{0FBC4627-4DB7-4DD3-9FF1-A4CCC955B9A2}.Debug|Any CPU.ActiveCfg = Debug|Any CPU
		{0FBC4627-4DB7-4DD3-9FF1-A4CCC955B9A2}.Debug|Any CPU.Build.0 = Debug|Any CPU
		{0FBC4627-4DB7-4DD3-9FF1-A4CCC955B9A2}.Debug|Mixed Platforms.ActiveCfg = Debug|Any CPU
		{0FBC4627-4DB7-4DD3-9FF1-A4CCC955B9A2}.Debug|Mixed Platforms.Build.0 = Debug|Any CPU
		{0FBC4627-4DB7-4DD3-9FF1-A4CCC955B9A2}.Debug|x86.ActiveCfg = Debug|Any CPU
		{0FBC4627-4DB7-4DD3-9FF1-A4CCC955B9A2}.Release|Any CPU.ActiveCfg = Release|Any CPU
		{0FBC4627-4DB7-4DD3-9FF1-A4CCC955B9A2}.Release|Any CPU.Build.0 = Release|Any CPU
		{0FBC4627-4DB7-4DD3-9FF1-A4CCC955B9A2}.Release|Mixed Platforms.ActiveCfg = Release|Any CPU
		{0FBC4627-4DB7-4DD3-9FF1-A4CCC955B9A2}.Release|Mixed Platforms.Build.0 = Release|Any CPU
		{0FBC4627-4DB7-4DD3-9FF1-A4CCC955B9A2}.Release|x86.ActiveCfg = Release|Any CPU
		{12879652-6E35-483D-8CF6-4BCA191DBDB0}.Debug|Any CPU.ActiveCfg = Debug|x86
		{12879652-6E35-483D-8CF6-4BCA191DBDB0}.Debug|Any CPU.Build.0 = Debug|x86
		{12879652-6E35-483D-8CF6-4BCA191DBDB0}.Debug|Mixed Platforms.ActiveCfg = Debug|x86
		{12879652-6E35-483D-8CF6-4BCA191DBDB0}.Debug|Mixed Platforms.Build.0 = Debug|x86
		{12879652-6E35-483D-8CF6-4BCA191DBDB0}.Debug|x86.ActiveCfg = Debug|x86
		{12879652-6E35-483D-8CF6-4BCA191DBDB0}.Debug|x86.Build.0 = Debug|x86
		{12879652-6E35-483D-8CF6-4BCA191DBDB0}.Release|Any CPU.ActiveCfg = Release|x86
		{12879652-6E35-483D-8CF6-4BCA191DBDB0}.Release|Mixed Platforms.ActiveCfg = Release|x86
		{12879652-6E35-483D-8CF6-4BCA191DBDB0}.Release|Mixed Platforms.Build.0 = Release|x86
		{12879652-6E35-483D-8CF6-4BCA191DBDB0}.Release|x86.ActiveCfg = Release|x86
		{12879652-6E35-483D-8CF6-4BCA191DBDB0}.Release|x86.Build.0 = Release|x86
		{4B318E45-7959-48DF-85B7-A0C7571EBE45}.Debug|Any CPU.ActiveCfg = Debug|Any CPU
		{4B318E45-7959-48DF-85B7-A0C7571EBE45}.Debug|Any CPU.Build.0 = Debug|Any CPU
		{4B318E45-7959-48DF-85B7-A0C7571EBE45}.Debug|Mixed Platforms.ActiveCfg = Debug|Any CPU
		{4B318E45-7959-48DF-85B7-A0C7571EBE45}.Debug|Mixed Platforms.Build.0 = Debug|Any CPU
		{4B318E45-7959-48DF-85B7-A0C7571EBE45}.Debug|x86.ActiveCfg = Debug|Any CPU
		{4B318E45-7959-48DF-85B7-A0C7571EBE45}.Release|Any CPU.ActiveCfg = Release|Any CPU
		{4B318E45-7959-48DF-85B7-A0C7571EBE45}.Release|Any CPU.Build.0 = Release|Any CPU
		{4B318E45-7959-48DF-85B7-A0C7571EBE45}.Release|Mixed Platforms.ActiveCfg = Release|Any CPU
		{4B318E45-7959-48DF-85B7-A0C7571EBE45}.Release|Mixed Platforms.Build.0 = Release|Any CPU
		{4B318E45-7959-48DF-85B7-A0C7571EBE45}.Release|x86.ActiveCfg = Release|Any CPU
		{B48F9A37-5A49-4FF3-A04F-2AC9A5FA0596}.Debug|Any CPU.ActiveCfg = Debug|Any CPU
		{B48F9A37-5A49-4FF3-A04F-2AC9A5FA0596}.Debug|Any CPU.Build.0 = Debug|Any CPU
		{B48F9A37-5A49-4FF3-A04F-2AC9A5FA0596}.Debug|Mixed Platforms.ActiveCfg = Debug|Any CPU
		{B48F9A37-5A49-4FF3-A04F-2AC9A5FA0596}.Debug|Mixed Platforms.Build.0 = Debug|Any CPU
		{B48F9A37-5A49-4FF3-A04F-2AC9A5FA0596}.Debug|x86.ActiveCfg = Debug|Any CPU
		{B48F9A37-5A49-4FF3-A04F-2AC9A5FA0596}.Release|Any CPU.ActiveCfg = Release|Any CPU
		{B48F9A37-5A49-4FF3-A04F-2AC9A5FA0596}.Release|Any CPU.Build.0 = Release|Any CPU
		{B48F9A37-5A49-4FF3-A04F-2AC9A5FA0596}.Release|Mixed Platforms.ActiveCfg = Release|Any CPU
		{B48F9A37-5A49-4FF3-A04F-2AC9A5FA0596}.Release|Mixed Platforms.Build.0 = Release|Any CPU
		{B48F9A37-5A49-4FF3-A04F-2AC9A5FA0596}.Release|x86.ActiveCfg = Release|Any CPU
		{554B8FC8-1B1C-4005-BA25-B6EF540B8D2B}.Debug|Any CPU.ActiveCfg = Debug|Any CPU
		{554B8FC8-1B1C-4005-BA25-B6EF540B8D2B}.Debug|Any CPU.Build.0 = Debug|Any CPU
		{554B8FC8-1B1C-4005-BA25-B6EF540B8D2B}.Debug|Mixed Platforms.ActiveCfg = Debug|Any CPU
		{554B8FC8-1B1C-4005-BA25-B6EF540B8D2B}.Debug|Mixed Platforms.Build.0 = Debug|Any CPU
		{554B8FC8-1B1C-4005-BA25-B6EF540B8D2B}.Debug|x86.ActiveCfg = Debug|Any CPU
		{554B8FC8-1B1C-4005-BA25-B6EF540B8D2B}.Release|Any CPU.ActiveCfg = Release|Any CPU
		{554B8FC8-1B1C-4005-BA25-B6EF540B8D2B}.Release|Any CPU.Build.0 = Release|Any CPU
		{554B8FC8-1B1C-4005-BA25-B6EF540B8D2B}.Release|Mixed Platforms.ActiveCfg = Release|Any CPU
		{554B8FC8-1B1C-4005-BA25-B6EF540B8D2B}.Release|Mixed Platforms.Build.0 = Release|Any CPU
		{554B8FC8-1B1C-4005-BA25-B6EF540B8D2B}.Release|x86.ActiveCfg = Release|Any CPU
	EndGlobalSection
	GlobalSection(SolutionProperties) = preSolution
		HideSolutionNode = FALSE
	EndGlobalSection
	GlobalSection(NestedProjects) = preSolution
		{A59C955C-4F33-44EA-A4AE-F1FBF8B1B1CF} = {F4C1C783-1DFD-48D4-81ED-8E3CB710A459}
		{F4175BDF-9389-44C4-B2C6-36934C80538A} = {87A453F0-5696-4C7E-8B0F-4596E01BBE1E}
		{4B318E45-7959-48DF-85B7-A0C7571EBE45} = {87A453F0-5696-4C7E-8B0F-4596E01BBE1E}
		{0FBC4627-4DB7-4DD3-9FF1-A4CCC955B9A2} = {8F2D6767-9CB1-4A8C-9C7E-E6B6B3E3841D}
		{554B8FC8-1B1C-4005-BA25-B6EF540B8D2B} = {8F2D6767-9CB1-4A8C-9C7E-E6B6B3E3841D}
		{12879652-6E35-483D-8CF6-4BCA191DBDB0} = {96509E97-7E61-426A-900F-9849CAAE2C84}
		{B48F9A37-5A49-4FF3-A04F-2AC9A5FA0596} = {96509E97-7E61-426A-900F-9849CAAE2C84}
	EndGlobalSection
EndGlobal
