
Microsoft Visual Studio Solution File, Format Version 11.00
# Visual Studio 2010
Project("{FAE04EC0-301F-11D3-BF4B-00C04F79EFBC}") = "Wildcard", "Wildcard\Wildcard.csproj", "{73A24B91-01AC-4A31-990F-5571648F131B}"
EndProject
Global
	GlobalSection(SolutionConfigurationPlatforms) = preSolution
		Debug|x86 = Debug|x86
		Release|x86 = Release|x86
	EndGlobalSection
	GlobalSection(ProjectConfigurationPlatforms) = postSolution
		{73A24B91-01AC-4A31-990F-5571648F131B}.Debug|x86.ActiveCfg = Debug|x86
		{73A24B91-01AC-4A31-990F-5571648F131B}.Debug|x86.Build.0 = Debug|x86
		{73A24B91-01AC-4A31-990F-5571648F131B}.Release|x86.ActiveCfg = Release|x86
		{73A24B91-01AC-4A31-990F-5571648F131B}.Release|x86.Build.0 = Release|x86
	EndGlobalSection
	GlobalSection(SolutionProperties) = preSolution
		HideSolutionNode = FALSE
	EndGlobalSection
EndGlobal
