
Microsoft Visual Studio Solution File, Format Version 12.00
# Visual Studio 2012
Project("{FAE04EC0-301F-11D3-BF4B-00C04F79EFBC}") = "Encoder", "Encoder\Encoder.csproj", "{56C1C68C-1BCB-4CA6-93B0-2292B88FC82B}"
EndProject
Global
	GlobalSection(SolutionConfigurationPlatforms) = preSolution
		Debug|Any CPU = Debug|Any CPU
		Release|Any CPU = Release|Any CPU
	EndGlobalSection
	GlobalSection(ProjectConfigurationPlatforms) = postSolution
		{56C1C68C-1BCB-4CA6-93B0-2292B88FC82B}.Debug|Any CPU.ActiveCfg = Debug|Any CPU
		{56C1C68C-1BCB-4CA6-93B0-2292B88FC82B}.Debug|Any CPU.Build.0 = Debug|Any CPU
		{56C1C68C-1BCB-4CA6-93B0-2292B88FC82B}.Release|Any CPU.ActiveCfg = Release|Any CPU
		{56C1C68C-1BCB-4CA6-93B0-2292B88FC82B}.Release|Any CPU.Build.0 = Release|Any CPU
	EndGlobalSection
	GlobalSection(SolutionProperties) = preSolution
		HideSolutionNode = FALSE
	EndGlobalSection
EndGlobal
