
Microsoft Visual Studio Solution File, Format Version 11.00
# Visual Studio 2010
Project("{FAE04EC0-301F-11D3-BF4B-00C04F79EFBC}") = "EnvironmentViewer", "EnvironmentViewer\EnvironmentViewer.csproj", "{A9C5C71D-C26D-4EDC-A7DA-AC22349A0FEC}"
EndProject
Project("{FAE04EC0-301F-11D3-BF4B-00C04F79EFBC}") = "EnvironmentViewer.Lib", "EnvironmentViewer.Lib\EnvironmentViewer.Lib.csproj", "{5F072A95-B969-438D-8EFB-D8D111C8FD66}"
EndProject
Project("{2150E333-8FDC-42A3-9474-1A3956D46DE8}") = "0. BuildAssets", "0. BuildAssets", "{0A5B4B43-2FDA-43E7-BE1B-81D8E0732CB6}"
EndProject
Project("{2150E333-8FDC-42A3-9474-1A3956D46DE8}") = "1. Applications", "1. Applications", "{54F51086-6C2F-44F5-AAD5-2FF91BF722A1}"
EndProject
Project("{2150E333-8FDC-42A3-9474-1A3956D46DE8}") = "2. Libraries", "2. Libraries", "{49BD9D2C-5A94-438B-8384-7E6D8894A9D1}"
EndProject
Project("{2150E333-8FDC-42A3-9474-1A3956D46DE8}") = "9. Testing", "9. Testing", "{0C7806F3-6D13-4F3E-83A3-707F140965A0}"
EndProject
Project("{2150E333-8FDC-42A3-9474-1A3956D46DE8}") = "nunit", "nunit", "{AFE2A3DC-08B7-464C-B6E4-C745057824BF}"
	ProjectSection(SolutionItems) = preProject
		BuildAssets\NUnit-2.5.7.10213\nunit.core.dll = BuildAssets\NUnit-2.5.7.10213\nunit.core.dll
		BuildAssets\NUnit-2.5.7.10213\nunit.core.interfaces.dll = BuildAssets\NUnit-2.5.7.10213\nunit.core.interfaces.dll
		BuildAssets\NUnit-2.5.7.10213\nunit.fixtures.dll = BuildAssets\NUnit-2.5.7.10213\nunit.fixtures.dll
		BuildAssets\NUnit-2.5.7.10213\nunit.framework.dll = BuildAssets\NUnit-2.5.7.10213\nunit.framework.dll
		BuildAssets\NUnit-2.5.7.10213\nunit.util.dll = BuildAssets\NUnit-2.5.7.10213\nunit.util.dll
	EndProjectSection
EndProject
Project("{2150E333-8FDC-42A3-9474-1A3956D46DE8}") = "rhino.mocks", "rhino.mocks", "{F43DC9EC-C4F5-4D16-80BE-AEA68FDF8102}"
	ProjectSection(SolutionItems) = preProject
		BuildAssets\Rhino.Mocks-3.6\Rhino.Mocks.dll = BuildAssets\Rhino.Mocks-3.6\Rhino.Mocks.dll
	EndProjectSection
EndProject
Project("{2150E333-8FDC-42A3-9474-1A3956D46DE8}") = "fluentnhibernate", "fluentnhibernate", "{9B06E7EB-B653-4169-A788-AA0E22192205}"
	ProjectSection(SolutionItems) = preProject
		BuildAssets\fluentnhibernate-1.1\Antlr3.Runtime.dll = BuildAssets\fluentnhibernate-1.1\Antlr3.Runtime.dll
		BuildAssets\fluentnhibernate-1.1\Castle.Core.dll = BuildAssets\fluentnhibernate-1.1\Castle.Core.dll
		BuildAssets\fluentnhibernate-1.1\Castle.DynamicProxy2.dll = BuildAssets\fluentnhibernate-1.1\Castle.DynamicProxy2.dll
		BuildAssets\fluentnhibernate-1.1\FluentNHibernate.dll = BuildAssets\fluentnhibernate-1.1\FluentNHibernate.dll
		BuildAssets\fluentnhibernate-1.1\Iesi.Collections.dll = BuildAssets\fluentnhibernate-1.1\Iesi.Collections.dll
		BuildAssets\fluentnhibernate-1.1\log4net.dll = BuildAssets\fluentnhibernate-1.1\log4net.dll
		BuildAssets\fluentnhibernate-1.1\NHibernate.ByteCode.Castle.dll = BuildAssets\fluentnhibernate-1.1\NHibernate.ByteCode.Castle.dll
		BuildAssets\fluentnhibernate-1.1\NHibernate.dll = BuildAssets\fluentnhibernate-1.1\NHibernate.dll
	EndProjectSection
EndProject
Project("{FAE04EC0-301F-11D3-BF4B-00C04F79EFBC}") = "EnvironmentViewer.UnitTesting", "EnvironmentViewer.UnitTesting\EnvironmentViewer.UnitTesting.csproj", "{16334306-8D04-4E86-A799-9A3E61CF7845}"
EndProject
Project("{FAE04EC0-301F-11D3-BF4B-00C04F79EFBC}") = "EnvironmentViewer.IntegrationTesting", "EnvironmentViewer.IntegrationTesting\EnvironmentViewer.IntegrationTesting.csproj", "{14AA9BC3-FD75-45CD-812D-9F73BCC3D57C}"
EndProject
Project("{2150E333-8FDC-42A3-9474-1A3956D46DE8}") = "ninject", "ninject", "{4ED70C0E-5D0C-48B0-AAA3-0D210A095AA9}"
	ProjectSection(SolutionItems) = preProject
		BuildAssets\Ninject-2.0.0.0-release-net-3.5\Ninject.dll = BuildAssets\Ninject-2.0.0.0-release-net-3.5\Ninject.dll
	EndProjectSection
EndProject
Project("{2150E333-8FDC-42A3-9474-1A3956D46DE8}") = "mysql", "mysql", "{F1C9FDD9-0E51-46FB-9E6B-F5311C40C9B7}"
	ProjectSection(SolutionItems) = preProject
		BuildAssets\mysql\mysql.data.dll = BuildAssets\mysql\mysql.data.dll
	EndProjectSection
EndProject
Global
	GlobalSection(SolutionConfigurationPlatforms) = preSolution
		Debug|Any CPU = Debug|Any CPU
		Debug|Mixed Platforms = Debug|Mixed Platforms
		Debug|x86 = Debug|x86
		Release|Any CPU = Release|Any CPU
		Release|Mixed Platforms = Release|Mixed Platforms
		Release|x86 = Release|x86
	EndGlobalSection
	GlobalSection(ProjectConfigurationPlatforms) = postSolution
		{A9C5C71D-C26D-4EDC-A7DA-AC22349A0FEC}.Debug|Any CPU.ActiveCfg = Debug|x86
		{A9C5C71D-C26D-4EDC-A7DA-AC22349A0FEC}.Debug|Mixed Platforms.ActiveCfg = Debug|x86
		{A9C5C71D-C26D-4EDC-A7DA-AC22349A0FEC}.Debug|Mixed Platforms.Build.0 = Debug|x86
		{A9C5C71D-C26D-4EDC-A7DA-AC22349A0FEC}.Debug|x86.ActiveCfg = Debug|x86
		{A9C5C71D-C26D-4EDC-A7DA-AC22349A0FEC}.Debug|x86.Build.0 = Debug|x86
		{A9C5C71D-C26D-4EDC-A7DA-AC22349A0FEC}.Release|Any CPU.ActiveCfg = Release|x86
		{A9C5C71D-C26D-4EDC-A7DA-AC22349A0FEC}.Release|Mixed Platforms.ActiveCfg = Release|x86
		{A9C5C71D-C26D-4EDC-A7DA-AC22349A0FEC}.Release|Mixed Platforms.Build.0 = Release|x86
		{A9C5C71D-C26D-4EDC-A7DA-AC22349A0FEC}.Release|x86.ActiveCfg = Release|x86
		{A9C5C71D-C26D-4EDC-A7DA-AC22349A0FEC}.Release|x86.Build.0 = Release|x86
		{5F072A95-B969-438D-8EFB-D8D111C8FD66}.Debug|Any CPU.ActiveCfg = Debug|Any CPU
		{5F072A95-B969-438D-8EFB-D8D111C8FD66}.Debug|Any CPU.Build.0 = Debug|Any CPU
		{5F072A95-B969-438D-8EFB-D8D111C8FD66}.Debug|Mixed Platforms.ActiveCfg = Debug|Any CPU
		{5F072A95-B969-438D-8EFB-D8D111C8FD66}.Debug|Mixed Platforms.Build.0 = Debug|Any CPU
		{5F072A95-B969-438D-8EFB-D8D111C8FD66}.Debug|x86.ActiveCfg = Debug|Any CPU
		{5F072A95-B969-438D-8EFB-D8D111C8FD66}.Release|Any CPU.ActiveCfg = Release|Any CPU
		{5F072A95-B969-438D-8EFB-D8D111C8FD66}.Release|Any CPU.Build.0 = Release|Any CPU
		{5F072A95-B969-438D-8EFB-D8D111C8FD66}.Release|Mixed Platforms.ActiveCfg = Release|Any CPU
		{5F072A95-B969-438D-8EFB-D8D111C8FD66}.Release|Mixed Platforms.Build.0 = Release|Any CPU
		{5F072A95-B969-438D-8EFB-D8D111C8FD66}.Release|x86.ActiveCfg = Release|Any CPU
		{16334306-8D04-4E86-A799-9A3E61CF7845}.Debug|Any CPU.ActiveCfg = Debug|Any CPU
		{16334306-8D04-4E86-A799-9A3E61CF7845}.Debug|Any CPU.Build.0 = Debug|Any CPU
		{16334306-8D04-4E86-A799-9A3E61CF7845}.Debug|Mixed Platforms.ActiveCfg = Debug|Any CPU
		{16334306-8D04-4E86-A799-9A3E61CF7845}.Debug|Mixed Platforms.Build.0 = Debug|Any CPU
		{16334306-8D04-4E86-A799-9A3E61CF7845}.Debug|x86.ActiveCfg = Debug|Any CPU
		{16334306-8D04-4E86-A799-9A3E61CF7845}.Release|Any CPU.ActiveCfg = Release|Any CPU
		{16334306-8D04-4E86-A799-9A3E61CF7845}.Release|Any CPU.Build.0 = Release|Any CPU
		{16334306-8D04-4E86-A799-9A3E61CF7845}.Release|Mixed Platforms.ActiveCfg = Release|Any CPU
		{16334306-8D04-4E86-A799-9A3E61CF7845}.Release|Mixed Platforms.Build.0 = Release|Any CPU
		{16334306-8D04-4E86-A799-9A3E61CF7845}.Release|x86.ActiveCfg = Release|Any CPU
		{14AA9BC3-FD75-45CD-812D-9F73BCC3D57C}.Debug|Any CPU.ActiveCfg = Debug|Any CPU
		{14AA9BC3-FD75-45CD-812D-9F73BCC3D57C}.Debug|Any CPU.Build.0 = Debug|Any CPU
		{14AA9BC3-FD75-45CD-812D-9F73BCC3D57C}.Debug|Mixed Platforms.ActiveCfg = Debug|Any CPU
		{14AA9BC3-FD75-45CD-812D-9F73BCC3D57C}.Debug|Mixed Platforms.Build.0 = Debug|Any CPU
		{14AA9BC3-FD75-45CD-812D-9F73BCC3D57C}.Debug|x86.ActiveCfg = Debug|Any CPU
		{14AA9BC3-FD75-45CD-812D-9F73BCC3D57C}.Release|Any CPU.ActiveCfg = Release|Any CPU
		{14AA9BC3-FD75-45CD-812D-9F73BCC3D57C}.Release|Any CPU.Build.0 = Release|Any CPU
		{14AA9BC3-FD75-45CD-812D-9F73BCC3D57C}.Release|Mixed Platforms.ActiveCfg = Release|Any CPU
		{14AA9BC3-FD75-45CD-812D-9F73BCC3D57C}.Release|Mixed Platforms.Build.0 = Release|Any CPU
		{14AA9BC3-FD75-45CD-812D-9F73BCC3D57C}.Release|x86.ActiveCfg = Release|Any CPU
	EndGlobalSection
	GlobalSection(SolutionProperties) = preSolution
		HideSolutionNode = FALSE
	EndGlobalSection
	GlobalSection(NestedProjects) = preSolution
		{AFE2A3DC-08B7-464C-B6E4-C745057824BF} = {0A5B4B43-2FDA-43E7-BE1B-81D8E0732CB6}
		{F43DC9EC-C4F5-4D16-80BE-AEA68FDF8102} = {0A5B4B43-2FDA-43E7-BE1B-81D8E0732CB6}
		{9B06E7EB-B653-4169-A788-AA0E22192205} = {0A5B4B43-2FDA-43E7-BE1B-81D8E0732CB6}
		{4ED70C0E-5D0C-48B0-AAA3-0D210A095AA9} = {0A5B4B43-2FDA-43E7-BE1B-81D8E0732CB6}
		{F1C9FDD9-0E51-46FB-9E6B-F5311C40C9B7} = {0A5B4B43-2FDA-43E7-BE1B-81D8E0732CB6}
		{A9C5C71D-C26D-4EDC-A7DA-AC22349A0FEC} = {54F51086-6C2F-44F5-AAD5-2FF91BF722A1}
		{5F072A95-B969-438D-8EFB-D8D111C8FD66} = {49BD9D2C-5A94-438B-8384-7E6D8894A9D1}
		{16334306-8D04-4E86-A799-9A3E61CF7845} = {0C7806F3-6D13-4F3E-83A3-707F140965A0}
		{14AA9BC3-FD75-45CD-812D-9F73BCC3D57C} = {0C7806F3-6D13-4F3E-83A3-707F140965A0}
	EndGlobalSection
EndGlobal
