
Microsoft Visual Studio Solution File, Format Version 12.00
# Visual Studio 2012
Project("{FAE04EC0-301F-11D3-BF4B-00C04F79EFBC}") = "BasicManifest", "BasicManifest\BasicManifest.csproj", "{652CD740-FA91-481A-A895-0545060365FC}"
EndProject
Project("{FAE04EC0-301F-11D3-BF4B-00C04F79EFBC}") = "BasicManifest.Web", "BasicManifest.Web\BasicManifest.Web.csproj", "{53A68D0E-C862-42B5-9139-AC66FD5FDDDE}"
EndProject
Project("{FAE04EC0-301F-11D3-BF4B-00C04F79EFBC}") = "BasicManifest.Core", "BasicManifest.Core\BasicManifest.Core.csproj", "{29DDBE25-CC47-49FF-B29A-CAAC24B076DF}"
EndProject
Project("{2150E333-8FDC-42A3-9474-1A3956D46DE8}") = "00. Common", "00. Common", "{B738AA4E-55C6-41D3-AB9D-419F18151A25}"
EndProject
Project("{2150E333-8FDC-42A3-9474-1A3956D46DE8}") = "10. Applications", "10. Applications", "{318D738D-3622-40BE-A4CB-0FBC8C7CF5A3}"
EndProject
Project("{2150E333-8FDC-42A3-9474-1A3956D46DE8}") = "20. Libraries", "20. Libraries", "{18A99FC0-1E4D-4168-8F7B-5F2901BEF65A}"
EndProject
Project("{2150E333-8FDC-42A3-9474-1A3956D46DE8}") = "99. Testing", "99. Testing", "{569E16B4-16D3-46C9-B5C8-CCB32A5109F3}"
EndProject
Project("{FAE04EC0-301F-11D3-BF4B-00C04F79EFBC}") = "DotNetPrograms.Common", "..\DotNetPrograms.Common\DotNetPrograms.Common\DotNetPrograms.Common.csproj", "{B5D58C4E-F84E-49E2-9F15-5F91E1C73C55}"
EndProject
Project("{FAE04EC0-301F-11D3-BF4B-00C04F79EFBC}") = "DotNetPrograms.Common.Web", "..\DotNetPrograms.Common\DotNetPrograms.Common.Web\DotNetPrograms.Common.Web.csproj", "{66ED882C-2A12-4B9A-8049-E701E86CDFA0}"
EndProject
Project("{FAE04EC0-301F-11D3-BF4B-00C04F79EFBC}") = "BasicManifest.UnitTesting", "BasicManifest.UnitTesting\BasicManifest.UnitTesting.csproj", "{C17ADC3B-B28C-4B1A-9B12-BE1516B5E6AF}"
EndProject
Project("{FAE04EC0-301F-11D3-BF4B-00C04F79EFBC}") = "BasicManifest.Lib", "BasicManifest.Lib\BasicManifest.Lib.csproj", "{9A488062-82EC-4F76-86C2-73CAF7FEF0F7}"
EndProject
Project("{2150E333-8FDC-42A3-9474-1A3956D46DE8}") = "80. Migrations", "80. Migrations", "{D1892A3B-128E-46C2-800B-A9C1B1604B46}"
EndProject
Project("{FAE04EC0-301F-11D3-BF4B-00C04F79EFBC}") = "BasicManifest.Migrations", "BasicManifest.Migrations\BasicManifest.Migrations.csproj", "{BCEEE19E-BF7B-4BFE-AB5B-7EBC58BA2B0D}"
EndProject
Project("{FAE04EC0-301F-11D3-BF4B-00C04F79EFBC}") = "BasicManifest.Data", "BasicManifest.Data\BasicManifest.Data.csproj", "{4905E4D4-3290-4DD4-9AF9-8BD27C632AAB}"
EndProject
Project("{FAE04EC0-301F-11D3-BF4B-00C04F79EFBC}") = "BasicManifest.Common", "BasicManifest.Common\BasicManifest.Common.csproj", "{41B32180-7CC2-408C-953E-EEF7AD29F619}"
EndProject
Project("{FAE04EC0-301F-11D3-BF4B-00C04F79EFBC}") = "BasicManifest.IntegrationTesting", "BasicManifest.IntegrationTesting\BasicManifest.IntegrationTesting.csproj", "{A102A734-2D35-4BBD-B86E-EBC4E8415F4A}"
EndProject
Global
	GlobalSection(SolutionConfigurationPlatforms) = preSolution
		Debug|Any CPU = Debug|Any CPU
		Release|Any CPU = Release|Any CPU
	EndGlobalSection
	GlobalSection(ProjectConfigurationPlatforms) = postSolution
		{652CD740-FA91-481A-A895-0545060365FC}.Debug|Any CPU.ActiveCfg = Debug|Any CPU
		{652CD740-FA91-481A-A895-0545060365FC}.Debug|Any CPU.Build.0 = Debug|Any CPU
		{652CD740-FA91-481A-A895-0545060365FC}.Release|Any CPU.ActiveCfg = Release|Any CPU
		{652CD740-FA91-481A-A895-0545060365FC}.Release|Any CPU.Build.0 = Release|Any CPU
		{53A68D0E-C862-42B5-9139-AC66FD5FDDDE}.Debug|Any CPU.ActiveCfg = Debug|Any CPU
		{53A68D0E-C862-42B5-9139-AC66FD5FDDDE}.Debug|Any CPU.Build.0 = Debug|Any CPU
		{53A68D0E-C862-42B5-9139-AC66FD5FDDDE}.Release|Any CPU.ActiveCfg = Release|Any CPU
		{53A68D0E-C862-42B5-9139-AC66FD5FDDDE}.Release|Any CPU.Build.0 = Release|Any CPU
		{29DDBE25-CC47-49FF-B29A-CAAC24B076DF}.Debug|Any CPU.ActiveCfg = Debug|Any CPU
		{29DDBE25-CC47-49FF-B29A-CAAC24B076DF}.Debug|Any CPU.Build.0 = Debug|Any CPU
		{29DDBE25-CC47-49FF-B29A-CAAC24B076DF}.Release|Any CPU.ActiveCfg = Release|Any CPU
		{29DDBE25-CC47-49FF-B29A-CAAC24B076DF}.Release|Any CPU.Build.0 = Release|Any CPU
		{B5D58C4E-F84E-49E2-9F15-5F91E1C73C55}.Debug|Any CPU.ActiveCfg = Debug|Any CPU
		{B5D58C4E-F84E-49E2-9F15-5F91E1C73C55}.Debug|Any CPU.Build.0 = Debug|Any CPU
		{B5D58C4E-F84E-49E2-9F15-5F91E1C73C55}.Release|Any CPU.ActiveCfg = Release|Any CPU
		{B5D58C4E-F84E-49E2-9F15-5F91E1C73C55}.Release|Any CPU.Build.0 = Release|Any CPU
		{66ED882C-2A12-4B9A-8049-E701E86CDFA0}.Debug|Any CPU.ActiveCfg = Debug|Any CPU
		{66ED882C-2A12-4B9A-8049-E701E86CDFA0}.Debug|Any CPU.Build.0 = Debug|Any CPU
		{66ED882C-2A12-4B9A-8049-E701E86CDFA0}.Release|Any CPU.ActiveCfg = Release|Any CPU
		{66ED882C-2A12-4B9A-8049-E701E86CDFA0}.Release|Any CPU.Build.0 = Release|Any CPU
		{C17ADC3B-B28C-4B1A-9B12-BE1516B5E6AF}.Debug|Any CPU.ActiveCfg = Debug|Any CPU
		{C17ADC3B-B28C-4B1A-9B12-BE1516B5E6AF}.Debug|Any CPU.Build.0 = Debug|Any CPU
		{C17ADC3B-B28C-4B1A-9B12-BE1516B5E6AF}.Release|Any CPU.ActiveCfg = Release|Any CPU
		{C17ADC3B-B28C-4B1A-9B12-BE1516B5E6AF}.Release|Any CPU.Build.0 = Release|Any CPU
		{9A488062-82EC-4F76-86C2-73CAF7FEF0F7}.Debug|Any CPU.ActiveCfg = Debug|Any CPU
		{9A488062-82EC-4F76-86C2-73CAF7FEF0F7}.Debug|Any CPU.Build.0 = Debug|Any CPU
		{9A488062-82EC-4F76-86C2-73CAF7FEF0F7}.Release|Any CPU.ActiveCfg = Release|Any CPU
		{9A488062-82EC-4F76-86C2-73CAF7FEF0F7}.Release|Any CPU.Build.0 = Release|Any CPU
		{BCEEE19E-BF7B-4BFE-AB5B-7EBC58BA2B0D}.Debug|Any CPU.ActiveCfg = Debug|Any CPU
		{BCEEE19E-BF7B-4BFE-AB5B-7EBC58BA2B0D}.Debug|Any CPU.Build.0 = Debug|Any CPU
		{BCEEE19E-BF7B-4BFE-AB5B-7EBC58BA2B0D}.Release|Any CPU.ActiveCfg = Release|Any CPU
		{BCEEE19E-BF7B-4BFE-AB5B-7EBC58BA2B0D}.Release|Any CPU.Build.0 = Release|Any CPU
		{4905E4D4-3290-4DD4-9AF9-8BD27C632AAB}.Debug|Any CPU.ActiveCfg = Debug|Any CPU
		{4905E4D4-3290-4DD4-9AF9-8BD27C632AAB}.Debug|Any CPU.Build.0 = Debug|Any CPU
		{4905E4D4-3290-4DD4-9AF9-8BD27C632AAB}.Release|Any CPU.ActiveCfg = Release|Any CPU
		{4905E4D4-3290-4DD4-9AF9-8BD27C632AAB}.Release|Any CPU.Build.0 = Release|Any CPU
		{41B32180-7CC2-408C-953E-EEF7AD29F619}.Debug|Any CPU.ActiveCfg = Debug|Any CPU
		{41B32180-7CC2-408C-953E-EEF7AD29F619}.Debug|Any CPU.Build.0 = Debug|Any CPU
		{41B32180-7CC2-408C-953E-EEF7AD29F619}.Release|Any CPU.ActiveCfg = Release|Any CPU
		{41B32180-7CC2-408C-953E-EEF7AD29F619}.Release|Any CPU.Build.0 = Release|Any CPU
		{A102A734-2D35-4BBD-B86E-EBC4E8415F4A}.Debug|Any CPU.ActiveCfg = Debug|Any CPU
		{A102A734-2D35-4BBD-B86E-EBC4E8415F4A}.Debug|Any CPU.Build.0 = Debug|Any CPU
		{A102A734-2D35-4BBD-B86E-EBC4E8415F4A}.Release|Any CPU.ActiveCfg = Release|Any CPU
		{A102A734-2D35-4BBD-B86E-EBC4E8415F4A}.Release|Any CPU.Build.0 = Release|Any CPU
	EndGlobalSection
	GlobalSection(SolutionProperties) = preSolution
		HideSolutionNode = FALSE
	EndGlobalSection
	GlobalSection(NestedProjects) = preSolution
		{53A68D0E-C862-42B5-9139-AC66FD5FDDDE} = {318D738D-3622-40BE-A4CB-0FBC8C7CF5A3}
		{652CD740-FA91-481A-A895-0545060365FC} = {318D738D-3622-40BE-A4CB-0FBC8C7CF5A3}
		{29DDBE25-CC47-49FF-B29A-CAAC24B076DF} = {18A99FC0-1E4D-4168-8F7B-5F2901BEF65A}
		{9A488062-82EC-4F76-86C2-73CAF7FEF0F7} = {18A99FC0-1E4D-4168-8F7B-5F2901BEF65A}
		{4905E4D4-3290-4DD4-9AF9-8BD27C632AAB} = {18A99FC0-1E4D-4168-8F7B-5F2901BEF65A}
		{B5D58C4E-F84E-49E2-9F15-5F91E1C73C55} = {B738AA4E-55C6-41D3-AB9D-419F18151A25}
		{66ED882C-2A12-4B9A-8049-E701E86CDFA0} = {B738AA4E-55C6-41D3-AB9D-419F18151A25}
		{41B32180-7CC2-408C-953E-EEF7AD29F619} = {B738AA4E-55C6-41D3-AB9D-419F18151A25}
		{C17ADC3B-B28C-4B1A-9B12-BE1516B5E6AF} = {569E16B4-16D3-46C9-B5C8-CCB32A5109F3}
		{A102A734-2D35-4BBD-B86E-EBC4E8415F4A} = {569E16B4-16D3-46C9-B5C8-CCB32A5109F3}
		{BCEEE19E-BF7B-4BFE-AB5B-7EBC58BA2B0D} = {D1892A3B-128E-46C2-800B-A9C1B1604B46}
	EndGlobalSection
EndGlobal
